// !$*UTF8*$!
{
	archiveVersion = 1;
	classes = {
	};
	objectVersion = 48;
	objects = {

/* Begin PBXBuildFile section */
		1C0208C9206D575700EFC375 /* AppDelegate.swift in Sources */ = {isa = PBXBuildFile; fileRef = 1C0208C8206D575700EFC375 /* AppDelegate.swift */; };
		1C0208CE206D575700EFC375 /* Game_Engine.xcdatamodeld in Sources */ = {isa = PBXBuildFile; fileRef = 1C0208CC206D575700EFC375 /* Game_Engine.xcdatamodeld */; };
		1C0208D0206D575700EFC375 /* Assets.xcassets in Resources */ = {isa = PBXBuildFile; fileRef = 1C0208CF206D575700EFC375 /* Assets.xcassets */; };
		1C0208D3206D575700EFC375 /* Main.storyboard in Resources */ = {isa = PBXBuildFile; fileRef = 1C0208D1206D575700EFC375 /* Main.storyboard */; };
		1C0208DF206D575700EFC375 /* Game_EngineTests.swift in Sources */ = {isa = PBXBuildFile; fileRef = 1C0208DE206D575700EFC375 /* Game_EngineTests.swift */; };
		1C0208EA206D575700EFC375 /* Game_EngineUITests.swift in Sources */ = {isa = PBXBuildFile; fileRef = 1C0208E9206D575700EFC375 /* Game_EngineUITests.swift */; };
		1C0208FB206D578100EFC375 /* GameView.swift in Sources */ = {isa = PBXBuildFile; fileRef = 1C0208FA206D578100EFC375 /* GameView.swift */; };
		1C0208FD206D579800EFC375 /* MyShaders.metal in Sources */ = {isa = PBXBuildFile; fileRef = 1C0208FC206D579800EFC375 /* MyShaders.metal */; };
		1C477E8F20B4ECB90028C8FE /* Math.swift in Sources */ = {isa = PBXBuildFile; fileRef = 1C477E8E20B4ECB90028C8FE /* Math.swift */; };
		1C66A279208430880014D1E2 /* Types.swift in Sources */ = {isa = PBXBuildFile; fileRef = 1C66A278208430880014D1E2 /* Types.swift */; };
		1C6E769120ACF8C6007F1DA5 /* MeshLibrary.swift in Sources */ = {isa = PBXBuildFile; fileRef = 1C6E769020ACF8C6007F1DA5 /* MeshLibrary.swift */; };
		1C6E769520ACFC75007F1DA5 /* Node.swift in Sources */ = {isa = PBXBuildFile; fileRef = 1C6E769420ACFC75007F1DA5 /* Node.swift */; };
		1CA84B312092A97500465F6A /* Engine.swift in Sources */ = {isa = PBXBuildFile; fileRef = 1CA84B302092A97500465F6A /* Engine.swift */; };
		1CA84B332092AA2E00465F6A /* Preferences.swift in Sources */ = {isa = PBXBuildFile; fileRef = 1CA84B322092AA2E00465F6A /* Preferences.swift */; };
		1CA84B352092AB2400465F6A /* ShaderLibrary.swift in Sources */ = {isa = PBXBuildFile; fileRef = 1CA84B342092AB2400465F6A /* ShaderLibrary.swift */; };
		1CA84B372092AE7300465F6A /* VertexDescriptorLibrary.swift in Sources */ = {isa = PBXBuildFile; fileRef = 1CA84B362092AE7300465F6A /* VertexDescriptorLibrary.swift */; };
		1CA84B392092B01A00465F6A /* RenderPipelineDescriptorLibrary.swift in Sources */ = {isa = PBXBuildFile; fileRef = 1CA84B382092B01A00465F6A /* RenderPipelineDescriptorLibrary.swift */; };
		1CA84B3B2092B1D000465F6A /* RenderPipelineStateLibrary.swift in Sources */ = {isa = PBXBuildFile; fileRef = 1CA84B3A2092B1D000465F6A /* RenderPipelineStateLibrary.swift */; };
		1CADF5AA20B4DB770000F54C /* GameObject.swift in Sources */ = {isa = PBXBuildFile; fileRef = 1CADF5A920B4DB770000F54C /* GameObject.swift */; };
		1CADF5AC20B4DB800000F54C /* Player.swift in Sources */ = {isa = PBXBuildFile; fileRef = 1CADF5AB20B4DB800000F54C /* Player.swift */; };
		1CADF5AF20B4DBB40000F54C /* Renderable.swift in Sources */ = {isa = PBXBuildFile; fileRef = 1CADF5AE20B4DBB40000F54C /* Renderable.swift */; };
		1CDA5B7D209FE2EE00A924A1 /* Renderer.swift in Sources */ = {isa = PBXBuildFile; fileRef = 1CDA5B7C209FE2EE00A924A1 /* Renderer.swift */; };
		EBB8610A20CF3309004D5AAD /* Scene.swift in Sources */ = {isa = PBXBuildFile; fileRef = EBB8610920CF3309004D5AAD /* Scene.swift */; };
		EBB8610C20CF342C004D5AAD /* SandboxScene.swift in Sources */ = {isa = PBXBuildFile; fileRef = EBB8610B20CF342C004D5AAD /* SandboxScene.swift */; };
		EBB8610F20CF3524004D5AAD /* SceneManager.swift in Sources */ = {isa = PBXBuildFile; fileRef = EBB8610E20CF3524004D5AAD /* SceneManager.swift */; };
/* End PBXBuildFile section */

/* Begin PBXContainerItemProxy section */
		1C0208DB206D575700EFC375 /* PBXContainerItemProxy */ = {
			isa = PBXContainerItemProxy;
			containerPortal = 1C0208BD206D575700EFC375 /* Project object */;
			proxyType = 1;
			remoteGlobalIDString = 1C0208C4206D575700EFC375;
			remoteInfo = "Game Engine";
		};
		1C0208E6206D575700EFC375 /* PBXContainerItemProxy */ = {
			isa = PBXContainerItemProxy;
			containerPortal = 1C0208BD206D575700EFC375 /* Project object */;
			proxyType = 1;
			remoteGlobalIDString = 1C0208C4206D575700EFC375;
			remoteInfo = "Game Engine";
		};
/* End PBXContainerItemProxy section */

/* Begin PBXFileReference section */
		1C0208C5206D575700EFC375 /* Game Engine.app */ = {isa = PBXFileReference; explicitFileType = wrapper.application; includeInIndex = 0; path = "Game Engine.app"; sourceTree = BUILT_PRODUCTS_DIR; };
		1C0208C8206D575700EFC375 /* AppDelegate.swift */ = {isa = PBXFileReference; lastKnownFileType = sourcecode.swift; path = AppDelegate.swift; sourceTree = "<group>"; };
		1C0208CD206D575700EFC375 /* Game_Engine.xcdatamodel */ = {isa = PBXFileReference; lastKnownFileType = wrapper.xcdatamodel; path = Game_Engine.xcdatamodel; sourceTree = "<group>"; };
		1C0208CF206D575700EFC375 /* Assets.xcassets */ = {isa = PBXFileReference; lastKnownFileType = folder.assetcatalog; path = Assets.xcassets; sourceTree = "<group>"; };
		1C0208D2206D575700EFC375 /* Base */ = {isa = PBXFileReference; lastKnownFileType = file.storyboard; name = Base; path = Base.lproj/Main.storyboard; sourceTree = "<group>"; };
		1C0208D4206D575700EFC375 /* Info.plist */ = {isa = PBXFileReference; lastKnownFileType = text.plist.xml; path = Info.plist; sourceTree = "<group>"; };
		1C0208D5206D575700EFC375 /* Game_Engine.entitlements */ = {isa = PBXFileReference; lastKnownFileType = text.plist.entitlements; path = Game_Engine.entitlements; sourceTree = "<group>"; };
		1C0208DA206D575700EFC375 /* Game EngineTests.xctest */ = {isa = PBXFileReference; explicitFileType = wrapper.cfbundle; includeInIndex = 0; path = "Game EngineTests.xctest"; sourceTree = BUILT_PRODUCTS_DIR; };
		1C0208DE206D575700EFC375 /* Game_EngineTests.swift */ = {isa = PBXFileReference; lastKnownFileType = sourcecode.swift; path = Game_EngineTests.swift; sourceTree = "<group>"; };
		1C0208E0206D575700EFC375 /* Info.plist */ = {isa = PBXFileReference; lastKnownFileType = text.plist.xml; path = Info.plist; sourceTree = "<group>"; };
		1C0208E5206D575700EFC375 /* Game EngineUITests.xctest */ = {isa = PBXFileReference; explicitFileType = wrapper.cfbundle; includeInIndex = 0; path = "Game EngineUITests.xctest"; sourceTree = BUILT_PRODUCTS_DIR; };
		1C0208E9206D575700EFC375 /* Game_EngineUITests.swift */ = {isa = PBXFileReference; lastKnownFileType = sourcecode.swift; path = Game_EngineUITests.swift; sourceTree = "<group>"; };
		1C0208EB206D575700EFC375 /* Info.plist */ = {isa = PBXFileReference; lastKnownFileType = text.plist.xml; path = Info.plist; sourceTree = "<group>"; };
		1C0208FA206D578100EFC375 /* GameView.swift */ = {isa = PBXFileReference; lastKnownFileType = sourcecode.swift; path = GameView.swift; sourceTree = "<group>"; };
		1C0208FC206D579800EFC375 /* MyShaders.metal */ = {isa = PBXFileReference; lastKnownFileType = sourcecode.metal; path = MyShaders.metal; sourceTree = "<group>"; };
		1C477E8E20B4ECB90028C8FE /* Math.swift */ = {isa = PBXFileReference; lastKnownFileType = sourcecode.swift; path = Math.swift; sourceTree = "<group>"; };
		1C66A278208430880014D1E2 /* Types.swift */ = {isa = PBXFileReference; lastKnownFileType = sourcecode.swift; path = Types.swift; sourceTree = "<group>"; };
		1C6E769020ACF8C6007F1DA5 /* MeshLibrary.swift */ = {isa = PBXFileReference; lastKnownFileType = sourcecode.swift; path = MeshLibrary.swift; sourceTree = "<group>"; };
		1C6E769420ACFC75007F1DA5 /* Node.swift */ = {isa = PBXFileReference; lastKnownFileType = sourcecode.swift; name = Node.swift; path = "Game Engine/Game Shizz/Node.swift"; sourceTree = SOURCE_ROOT; };
		1CA84B302092A97500465F6A /* Engine.swift */ = {isa = PBXFileReference; lastKnownFileType = sourcecode.swift; path = Engine.swift; sourceTree = "<group>"; };
		1CA84B322092AA2E00465F6A /* Preferences.swift */ = {isa = PBXFileReference; lastKnownFileType = sourcecode.swift; path = Preferences.swift; sourceTree = "<group>"; };
		1CA84B342092AB2400465F6A /* ShaderLibrary.swift */ = {isa = PBXFileReference; lastKnownFileType = sourcecode.swift; path = ShaderLibrary.swift; sourceTree = "<group>"; };
		1CA84B362092AE7300465F6A /* VertexDescriptorLibrary.swift */ = {isa = PBXFileReference; lastKnownFileType = sourcecode.swift; path = VertexDescriptorLibrary.swift; sourceTree = "<group>"; };
		1CA84B382092B01A00465F6A /* RenderPipelineDescriptorLibrary.swift */ = {isa = PBXFileReference; lastKnownFileType = sourcecode.swift; path = RenderPipelineDescriptorLibrary.swift; sourceTree = "<group>"; };
		1CA84B3A2092B1D000465F6A /* RenderPipelineStateLibrary.swift */ = {isa = PBXFileReference; lastKnownFileType = sourcecode.swift; path = RenderPipelineStateLibrary.swift; sourceTree = "<group>"; };
		1CADF5A920B4DB770000F54C /* GameObject.swift */ = {isa = PBXFileReference; lastKnownFileType = sourcecode.swift; path = GameObject.swift; sourceTree = "<group>"; };
		1CADF5AB20B4DB800000F54C /* Player.swift */ = {isa = PBXFileReference; lastKnownFileType = sourcecode.swift; path = Player.swift; sourceTree = "<group>"; };
		1CADF5AE20B4DBB40000F54C /* Renderable.swift */ = {isa = PBXFileReference; lastKnownFileType = sourcecode.swift; path = Renderable.swift; sourceTree = "<group>"; };
		1CDA5B7C209FE2EE00A924A1 /* Renderer.swift */ = {isa = PBXFileReference; lastKnownFileType = sourcecode.swift; path = Renderer.swift; sourceTree = "<group>"; };
		EBB8610920CF3309004D5AAD /* Scene.swift */ = {isa = PBXFileReference; lastKnownFileType = sourcecode.swift; path = Scene.swift; sourceTree = "<group>"; };
		EBB8610B20CF342C004D5AAD /* SandboxScene.swift */ = {isa = PBXFileReference; lastKnownFileType = sourcecode.swift; path = SandboxScene.swift; sourceTree = "<group>"; };
		EBB8610E20CF3524004D5AAD /* SceneManager.swift */ = {isa = PBXFileReference; lastKnownFileType = sourcecode.swift; path = SceneManager.swift; sourceTree = "<group>"; };
/* End PBXFileReference section */

/* Begin PBXFrameworksBuildPhase section */
		1C0208C2206D575700EFC375 /* Frameworks */ = {
			isa = PBXFrameworksBuildPhase;
			buildActionMask = 2147483647;
			files = (
			);
			runOnlyForDeploymentPostprocessing = 0;
		};
		1C0208D7206D575700EFC375 /* Frameworks */ = {
			isa = PBXFrameworksBuildPhase;
			buildActionMask = 2147483647;
			files = (
			);
			runOnlyForDeploymentPostprocessing = 0;
		};
		1C0208E2206D575700EFC375 /* Frameworks */ = {
			isa = PBXFrameworksBuildPhase;
			buildActionMask = 2147483647;
			files = (
			);
			runOnlyForDeploymentPostprocessing = 0;
		};
/* End PBXFrameworksBuildPhase section */

/* Begin PBXGroup section */
		1C0208BC206D575700EFC375 = {
			isa = PBXGroup;
			children = (
				1C0208C7206D575700EFC375 /* Game Engine */,
				1C0208DD206D575700EFC375 /* Game EngineTests */,
				1C0208E8206D575700EFC375 /* Game EngineUITests */,
				1C0208C6206D575700EFC375 /* Products */,
			);
			sourceTree = "<group>";
		};
		1C0208C6206D575700EFC375 /* Products */ = {
			isa = PBXGroup;
			children = (
				1C0208C5206D575700EFC375 /* Game Engine.app */,
				1C0208DA206D575700EFC375 /* Game EngineTests.xctest */,
				1C0208E5206D575700EFC375 /* Game EngineUITests.xctest */,
			);
			name = Products;
			sourceTree = "<group>";
		};
		1C0208C7206D575700EFC375 /* Game Engine */ = {
			isa = PBXGroup;
			children = (
				1C477E8D20B4ECA80028C8FE /* Maths */,
				1CA84B232092A66C00465F6A /* Core */,
				1CA84B222092A66100465F6A /* Libraries */,
				EBB8610D20CF3511004D5AAD /* Managers */,
				1CA84B252092A67500465F6A /* Shaders */,
				1CADF5A720B4DB430000F54C /* Game Shizz */,
				1CA84B242092A67000465F6A /* Display */,
				1C0208F7206D575F00EFC375 /* Other FIles */,
			);
			path = "Game Engine";
			sourceTree = "<group>";
		};
		1C0208DD206D575700EFC375 /* Game EngineTests */ = {
			isa = PBXGroup;
			children = (
				1C0208DE206D575700EFC375 /* Game_EngineTests.swift */,
				1C0208E0206D575700EFC375 /* Info.plist */,
			);
			path = "Game EngineTests";
			sourceTree = "<group>";
		};
		1C0208E8206D575700EFC375 /* Game EngineUITests */ = {
			isa = PBXGroup;
			children = (
				1C0208E9206D575700EFC375 /* Game_EngineUITests.swift */,
				1C0208EB206D575700EFC375 /* Info.plist */,
			);
			path = "Game EngineUITests";
			sourceTree = "<group>";
		};
		1C0208F7206D575F00EFC375 /* Other FIles */ = {
			isa = PBXGroup;
			children = (
				1C0208C8206D575700EFC375 /* AppDelegate.swift */,
				1C0208CF206D575700EFC375 /* Assets.xcassets */,
				1C0208D4206D575700EFC375 /* Info.plist */,
				1C0208D5206D575700EFC375 /* Game_Engine.entitlements */,
				1C0208CC206D575700EFC375 /* Game_Engine.xcdatamodeld */,
			);
			path = "Other FIles";
			sourceTree = "<group>";
		};
		1C477E8D20B4ECA80028C8FE /* Maths */ = {
			isa = PBXGroup;
			children = (
				1C477E8E20B4ECB90028C8FE /* Math.swift */,
			);
			path = Maths;
			sourceTree = "<group>";
		};
		1CA84B222092A66100465F6A /* Libraries */ = {
			isa = PBXGroup;
			children = (
				1CA84B342092AB2400465F6A /* ShaderLibrary.swift */,
				1CA84B362092AE7300465F6A /* VertexDescriptorLibrary.swift */,
				1CA84B382092B01A00465F6A /* RenderPipelineDescriptorLibrary.swift */,
				1CA84B3A2092B1D000465F6A /* RenderPipelineStateLibrary.swift */,
				1C6E769020ACF8C6007F1DA5 /* MeshLibrary.swift */,
			);
			path = Libraries;
			sourceTree = "<group>";
		};
		1CA84B232092A66C00465F6A /* Core */ = {
			isa = PBXGroup;
			children = (
				1CA84B302092A97500465F6A /* Engine.swift */,
				1C66A278208430880014D1E2 /* Types.swift */,
				1CA84B322092AA2E00465F6A /* Preferences.swift */,
			);
			path = Core;
			sourceTree = "<group>";
		};
		1CA84B242092A67000465F6A /* Display */ = {
			isa = PBXGroup;
			children = (
				1CDA5B7C209FE2EE00A924A1 /* Renderer.swift */,
				1C0208FA206D578100EFC375 /* GameView.swift */,
				1C0208D1206D575700EFC375 /* Main.storyboard */,
			);
			path = Display;
			sourceTree = "<group>";
		};
		1CA84B252092A67500465F6A /* Shaders */ = {
			isa = PBXGroup;
			children = (
				1C0208FC206D579800EFC375 /* MyShaders.metal */,
			);
			path = Shaders;
			sourceTree = "<group>";
		};
		1CADF5A720B4DB430000F54C /* Game Shizz */ = {
			isa = PBXGroup;
			children = (
				1C6E769420ACFC75007F1DA5 /* Node.swift */,
				EBB8610820CF32F8004D5AAD /* Scenes */,
				1CADF5A820B4DB6D0000F54C /* Game Objects */,
				1CADF5AD20B4DBA30000F54C /* Protocols */,
			);
			path = "Game Shizz";
			sourceTree = "<group>";
		};
		1CADF5A820B4DB6D0000F54C /* Game Objects */ = {
			isa = PBXGroup;
			children = (
				1CADF5A920B4DB770000F54C /* GameObject.swift */,
				1CADF5AB20B4DB800000F54C /* Player.swift */,
			);
			path = "Game Objects";
			sourceTree = "<group>";
		};
		1CADF5AD20B4DBA30000F54C /* Protocols */ = {
			isa = PBXGroup;
			children = (
				1CADF5AE20B4DBB40000F54C /* Renderable.swift */,
			);
			path = Protocols;
			sourceTree = "<group>";
		};
		EBB8610820CF32F8004D5AAD /* Scenes */ = {
			isa = PBXGroup;
			children = (
				EBB8610920CF3309004D5AAD /* Scene.swift */,
				EBB8610B20CF342C004D5AAD /* SandboxScene.swift */,
			);
			path = Scenes;
			sourceTree = "<group>";
		};
		EBB8610D20CF3511004D5AAD /* Managers */ = {
			isa = PBXGroup;
			children = (
				EBB8610E20CF3524004D5AAD /* SceneManager.swift */,
			);
			path = Managers;
			sourceTree = "<group>";
		};
/* End PBXGroup section */

/* Begin PBXNativeTarget section */
		1C0208C4206D575700EFC375 /* Game Engine */ = {
			isa = PBXNativeTarget;
			buildConfigurationList = 1C0208EE206D575700EFC375 /* Build configuration list for PBXNativeTarget "Game Engine" */;
			buildPhases = (
				1C0208C1206D575700EFC375 /* Sources */,
				1C0208C2206D575700EFC375 /* Frameworks */,
				1C0208C3206D575700EFC375 /* Resources */,
			);
			buildRules = (
			);
			dependencies = (
			);
			name = "Game Engine";
			productName = "Game Engine";
			productReference = 1C0208C5206D575700EFC375 /* Game Engine.app */;
			productType = "com.apple.product-type.application";
		};
		1C0208D9206D575700EFC375 /* Game EngineTests */ = {
			isa = PBXNativeTarget;
			buildConfigurationList = 1C0208F1206D575700EFC375 /* Build configuration list for PBXNativeTarget "Game EngineTests" */;
			buildPhases = (
				1C0208D6206D575700EFC375 /* Sources */,
				1C0208D7206D575700EFC375 /* Frameworks */,
				1C0208D8206D575700EFC375 /* Resources */,
			);
			buildRules = (
			);
			dependencies = (
				1C0208DC206D575700EFC375 /* PBXTargetDependency */,
			);
			name = "Game EngineTests";
			productName = "Game EngineTests";
			productReference = 1C0208DA206D575700EFC375 /* Game EngineTests.xctest */;
			productType = "com.apple.product-type.bundle.unit-test";
		};
		1C0208E4206D575700EFC375 /* Game EngineUITests */ = {
			isa = PBXNativeTarget;
			buildConfigurationList = 1C0208F4206D575700EFC375 /* Build configuration list for PBXNativeTarget "Game EngineUITests" */;
			buildPhases = (
				1C0208E1206D575700EFC375 /* Sources */,
				1C0208E2206D575700EFC375 /* Frameworks */,
				1C0208E3206D575700EFC375 /* Resources */,
			);
			buildRules = (
			);
			dependencies = (
				1C0208E7206D575700EFC375 /* PBXTargetDependency */,
			);
			name = "Game EngineUITests";
			productName = "Game EngineUITests";
			productReference = 1C0208E5206D575700EFC375 /* Game EngineUITests.xctest */;
			productType = "com.apple.product-type.bundle.ui-testing";
		};
/* End PBXNativeTarget section */

/* Begin PBXProject section */
		1C0208BD206D575700EFC375 /* Project object */ = {
			isa = PBXProject;
			attributes = {
				LastSwiftUpdateCheck = 0920;
				LastUpgradeCheck = 0930;
				ORGANIZATIONNAME = TwohysTuts;
				TargetAttributes = {
					1C0208C4206D575700EFC375 = {
						CreatedOnToolsVersion = 9.2;
						LastSwiftMigration = 1020;
						ProvisioningStyle = Automatic;
					};
					1C0208D9206D575700EFC375 = {
						CreatedOnToolsVersion = 9.2;
						LastSwiftMigration = 1020;
						ProvisioningStyle = Automatic;
						TestTargetID = 1C0208C4206D575700EFC375;
					};
					1C0208E4206D575700EFC375 = {
						CreatedOnToolsVersion = 9.2;
						LastSwiftMigration = 1020;
						ProvisioningStyle = Automatic;
						TestTargetID = 1C0208C4206D575700EFC375;
					};
				};
			};
			buildConfigurationList = 1C0208C0206D575700EFC375 /* Build configuration list for PBXProject "Game Engine" */;
			compatibilityVersion = "Xcode 8.0";
			developmentRegion = en;
			hasScannedForEncodings = 0;
			knownRegions = (
				en,
				Base,
			);
			mainGroup = 1C0208BC206D575700EFC375;
			productRefGroup = 1C0208C6206D575700EFC375 /* Products */;
			projectDirPath = "";
			projectRoot = "";
			targets = (
				1C0208C4206D575700EFC375 /* Game Engine */,
				1C0208D9206D575700EFC375 /* Game EngineTests */,
				1C0208E4206D575700EFC375 /* Game EngineUITests */,
			);
		};
/* End PBXProject section */

/* Begin PBXResourcesBuildPhase section */
		1C0208C3206D575700EFC375 /* Resources */ = {
			isa = PBXResourcesBuildPhase;
			buildActionMask = 2147483647;
			files = (
				1C0208D0206D575700EFC375 /* Assets.xcassets in Resources */,
				1C0208D3206D575700EFC375 /* Main.storyboard in Resources */,
			);
			runOnlyForDeploymentPostprocessing = 0;
		};
		1C0208D8206D575700EFC375 /* Resources */ = {
			isa = PBXResourcesBuildPhase;
			buildActionMask = 2147483647;
			files = (
			);
			runOnlyForDeploymentPostprocessing = 0;
		};
		1C0208E3206D575700EFC375 /* Resources */ = {
			isa = PBXResourcesBuildPhase;
			buildActionMask = 2147483647;
			files = (
			);
			runOnlyForDeploymentPostprocessing = 0;
		};
/* End PBXResourcesBuildPhase section */

/* Begin PBXSourcesBuildPhase section */
		1C0208C1206D575700EFC375 /* Sources */ = {
			isa = PBXSourcesBuildPhase;
			buildActionMask = 2147483647;
			files = (
				1CA84B392092B01A00465F6A /* RenderPipelineDescriptorLibrary.swift in Sources */,
				1CADF5AA20B4DB770000F54C /* GameObject.swift in Sources */,
				1CADF5AF20B4DBB40000F54C /* Renderable.swift in Sources */,
				EBB8610A20CF3309004D5AAD /* Scene.swift in Sources */,
				1CA84B372092AE7300465F6A /* VertexDescriptorLibrary.swift in Sources */,
				1C0208C9206D575700EFC375 /* AppDelegate.swift in Sources */,
				1C6E769120ACF8C6007F1DA5 /* MeshLibrary.swift in Sources */,
				1CA84B332092AA2E00465F6A /* Preferences.swift in Sources */,
				1CA84B352092AB2400465F6A /* ShaderLibrary.swift in Sources */,
				1CDA5B7D209FE2EE00A924A1 /* Renderer.swift in Sources */,
				EBB8610F20CF3524004D5AAD /* SceneManager.swift in Sources */,
				1CA84B312092A97500465F6A /* Engine.swift in Sources */,
				1C0208FB206D578100EFC375 /* GameView.swift in Sources */,
				1C477E8F20B4ECB90028C8FE /* Math.swift in Sources */,
				1C0208FD206D579800EFC375 /* MyShaders.metal in Sources */,
				1C6E769520ACFC75007F1DA5 /* Node.swift in Sources */,
				1C66A279208430880014D1E2 /* Types.swift in Sources */,
				1C0208CE206D575700EFC375 /* Game_Engine.xcdatamodeld in Sources */,
				1CADF5AC20B4DB800000F54C /* Player.swift in Sources */,
				EBB8610C20CF342C004D5AAD /* SandboxScene.swift in Sources */,
				1CA84B3B2092B1D000465F6A /* RenderPipelineStateLibrary.swift in Sources */,
			);
			runOnlyForDeploymentPostprocessing = 0;
		};
		1C0208D6206D575700EFC375 /* Sources */ = {
			isa = PBXSourcesBuildPhase;
			buildActionMask = 2147483647;
			files = (
				1C0208DF206D575700EFC375 /* Game_EngineTests.swift in Sources */,
			);
			runOnlyForDeploymentPostprocessing = 0;
		};
		1C0208E1206D575700EFC375 /* Sources */ = {
			isa = PBXSourcesBuildPhase;
			buildActionMask = 2147483647;
			files = (
				1C0208EA206D575700EFC375 /* Game_EngineUITests.swift in Sources */,
			);
			runOnlyForDeploymentPostprocessing = 0;
		};
/* End PBXSourcesBuildPhase section */

/* Begin PBXTargetDependency section */
		1C0208DC206D575700EFC375 /* PBXTargetDependency */ = {
			isa = PBXTargetDependency;
			target = 1C0208C4206D575700EFC375 /* Game Engine */;
			targetProxy = 1C0208DB206D575700EFC375 /* PBXContainerItemProxy */;
		};
		1C0208E7206D575700EFC375 /* PBXTargetDependency */ = {
			isa = PBXTargetDependency;
			target = 1C0208C4206D575700EFC375 /* Game Engine */;
			targetProxy = 1C0208E6206D575700EFC375 /* PBXContainerItemProxy */;
		};
/* End PBXTargetDependency section */

/* Begin PBXVariantGroup section */
		1C0208D1206D575700EFC375 /* Main.storyboard */ = {
			isa = PBXVariantGroup;
			children = (
				1C0208D2206D575700EFC375 /* Base */,
			);
			name = Main.storyboard;
			sourceTree = "<group>";
		};
/* End PBXVariantGroup section */

/* Begin XCBuildConfiguration section */
		1C0208EC206D575700EFC375 /* Debug */ = {
			isa = XCBuildConfiguration;
			buildSettings = {
				ALWAYS_SEARCH_USER_PATHS = NO;
				CLANG_ANALYZER_NONNULL = YES;
				CLANG_ANALYZER_NUMBER_OBJECT_CONVERSION = YES_AGGRESSIVE;
				CLANG_CXX_LANGUAGE_STANDARD = "gnu++14";
				CLANG_CXX_LIBRARY = "libc++";
				CLANG_ENABLE_MODULES = YES;
				CLANG_ENABLE_OBJC_ARC = YES;
				CLANG_WARN_BLOCK_CAPTURE_AUTORELEASING = YES;
				CLANG_WARN_BOOL_CONVERSION = YES;
				CLANG_WARN_COMMA = YES;
				CLANG_WARN_CONSTANT_CONVERSION = YES;
				CLANG_WARN_DEPRECATED_OBJC_IMPLEMENTATIONS = YES;
				CLANG_WARN_DIRECT_OBJC_ISA_USAGE = YES_ERROR;
				CLANG_WARN_DOCUMENTATION_COMMENTS = YES;
				CLANG_WARN_EMPTY_BODY = YES;
				CLANG_WARN_ENUM_CONVERSION = YES;
				CLANG_WARN_INFINITE_RECURSION = YES;
				CLANG_WARN_INT_CONVERSION = YES;
				CLANG_WARN_NON_LITERAL_NULL_CONVERSION = YES;
				CLANG_WARN_OBJC_IMPLICIT_RETAIN_SELF = YES;
				CLANG_WARN_OBJC_LITERAL_CONVERSION = YES;
				CLANG_WARN_OBJC_ROOT_CLASS = YES_ERROR;
				CLANG_WARN_RANGE_LOOP_ANALYSIS = YES;
				CLANG_WARN_STRICT_PROTOTYPES = YES;
				CLANG_WARN_SUSPICIOUS_MOVE = YES;
				CLANG_WARN_UNGUARDED_AVAILABILITY = YES_AGGRESSIVE;
				CLANG_WARN_UNREACHABLE_CODE = YES;
				CLANG_WARN__DUPLICATE_METHOD_MATCH = YES;
				CODE_SIGN_IDENTITY = "Mac Developer";
				COPY_PHASE_STRIP = NO;
				DEBUG_INFORMATION_FORMAT = dwarf;
				ENABLE_STRICT_OBJC_MSGSEND = YES;
				ENABLE_TESTABILITY = YES;
				GCC_C_LANGUAGE_STANDARD = gnu11;
				GCC_DYNAMIC_NO_PIC = NO;
				GCC_NO_COMMON_BLOCKS = YES;
				GCC_OPTIMIZATION_LEVEL = 0;
				GCC_PREPROCESSOR_DEFINITIONS = (
					"DEBUG=1",
					"$(inherited)",
				);
				GCC_WARN_64_TO_32_BIT_CONVERSION = YES;
				GCC_WARN_ABOUT_RETURN_TYPE = YES_ERROR;
				GCC_WARN_UNDECLARED_SELECTOR = YES;
				GCC_WARN_UNINITIALIZED_AUTOS = YES_AGGRESSIVE;
				GCC_WARN_UNUSED_FUNCTION = YES;
				GCC_WARN_UNUSED_VARIABLE = YES;
				MACOSX_DEPLOYMENT_TARGET = 10.13;
				MTL_ENABLE_DEBUG_INFO = YES;
				ONLY_ACTIVE_ARCH = YES;
				SDKROOT = macosx;
				SWIFT_ACTIVE_COMPILATION_CONDITIONS = DEBUG;
				SWIFT_OPTIMIZATION_LEVEL = "-Onone";
			};
			name = Debug;
		};
		1C0208ED206D575700EFC375 /* Release */ = {
			isa = XCBuildConfiguration;
			buildSettings = {
				ALWAYS_SEARCH_USER_PATHS = NO;
				CLANG_ANALYZER_NONNULL = YES;
				CLANG_ANALYZER_NUMBER_OBJECT_CONVERSION = YES_AGGRESSIVE;
				CLANG_CXX_LANGUAGE_STANDARD = "gnu++14";
				CLANG_CXX_LIBRARY = "libc++";
				CLANG_ENABLE_MODULES = YES;
				CLANG_ENABLE_OBJC_ARC = YES;
				CLANG_WARN_BLOCK_CAPTURE_AUTORELEASING = YES;
				CLANG_WARN_BOOL_CONVERSION = YES;
				CLANG_WARN_COMMA = YES;
				CLANG_WARN_CONSTANT_CONVERSION = YES;
				CLANG_WARN_DEPRECATED_OBJC_IMPLEMENTATIONS = YES;
				CLANG_WARN_DIRECT_OBJC_ISA_USAGE = YES_ERROR;
				CLANG_WARN_DOCUMENTATION_COMMENTS = YES;
				CLANG_WARN_EMPTY_BODY = YES;
				CLANG_WARN_ENUM_CONVERSION = YES;
				CLANG_WARN_INFINITE_RECURSION = YES;
				CLANG_WARN_INT_CONVERSION = YES;
				CLANG_WARN_NON_LITERAL_NULL_CONVERSION = YES;
				CLANG_WARN_OBJC_IMPLICIT_RETAIN_SELF = YES;
				CLANG_WARN_OBJC_LITERAL_CONVERSION = YES;
				CLANG_WARN_OBJC_ROOT_CLASS = YES_ERROR;
				CLANG_WARN_RANGE_LOOP_ANALYSIS = YES;
				CLANG_WARN_STRICT_PROTOTYPES = YES;
				CLANG_WARN_SUSPICIOUS_MOVE = YES;
				CLANG_WARN_UNGUARDED_AVAILABILITY = YES_AGGRESSIVE;
				CLANG_WARN_UNREACHABLE_CODE = YES;
				CLANG_WARN__DUPLICATE_METHOD_MATCH = YES;
				CODE_SIGN_IDENTITY = "Mac Developer";
				COPY_PHASE_STRIP = NO;
				DEBUG_INFORMATION_FORMAT = "dwarf-with-dsym";
				ENABLE_NS_ASSERTIONS = NO;
				ENABLE_STRICT_OBJC_MSGSEND = YES;
				GCC_C_LANGUAGE_STANDARD = gnu11;
				GCC_NO_COMMON_BLOCKS = YES;
				GCC_WARN_64_TO_32_BIT_CONVERSION = YES;
				GCC_WARN_ABOUT_RETURN_TYPE = YES_ERROR;
				GCC_WARN_UNDECLARED_SELECTOR = YES;
				GCC_WARN_UNINITIALIZED_AUTOS = YES_AGGRESSIVE;
				GCC_WARN_UNUSED_FUNCTION = YES;
				GCC_WARN_UNUSED_VARIABLE = YES;
				MACOSX_DEPLOYMENT_TARGET = 10.13;
				MTL_ENABLE_DEBUG_INFO = NO;
				SDKROOT = macosx;
				SWIFT_OPTIMIZATION_LEVEL = "-Owholemodule";
			};
			name = Release;
		};
		1C0208EF206D575700EFC375 /* Debug */ = {
			isa = XCBuildConfiguration;
			buildSettings = {
				ASSETCATALOG_COMPILER_APPICON_NAME = AppIcon;
				CODE_SIGN_ENTITLEMENTS = "Game Engine/Other Files/Game_Engine.entitlements";
				CODE_SIGN_STYLE = Automatic;
				COMBINE_HIDPI_IMAGES = YES;
				DEVELOPMENT_TEAM = 9QQ2JZFGTQ;
				INFOPLIST_FILE = "$(SRCROOT)/Game Engine/Other FIles/Info.plist";
				LD_RUNPATH_SEARCH_PATHS = "$(inherited) @executable_path/../Frameworks";
				PRODUCT_BUNDLE_IDENTIFIER = "net.ricktwohy.Game-Engine";
				PRODUCT_NAME = "$(TARGET_NAME)";
				SWIFT_VERSION = 5.0;
			};
			name = Debug;
		};
		1C0208F0206D575700EFC375 /* Release */ = {
			isa = XCBuildConfiguration;
			buildSettings = {
				ASSETCATALOG_COMPILER_APPICON_NAME = AppIcon;
				CODE_SIGN_ENTITLEMENTS = "Game Engine/Other Files/Game_Engine.entitlements";
				CODE_SIGN_STYLE = Automatic;
				COMBINE_HIDPI_IMAGES = YES;
				DEVELOPMENT_TEAM = 9QQ2JZFGTQ;
				INFOPLIST_FILE = "$(SRCROOT)/Game Engine/Other FIles/Info.plist";
				LD_RUNPATH_SEARCH_PATHS = "$(inherited) @executable_path/../Frameworks";
				PRODUCT_BUNDLE_IDENTIFIER = "net.ricktwohy.Game-Engine";
				PRODUCT_NAME = "$(TARGET_NAME)";
				SWIFT_VERSION = 5.0;
			};
			name = Release;
		};
		1C0208F2206D575700EFC375 /* Debug */ = {
			isa = XCBuildConfiguration;
			buildSettings = {
				ALWAYS_EMBED_SWIFT_STANDARD_LIBRARIES = YES;
				BUNDLE_LOADER = "$(TEST_HOST)";
				CODE_SIGN_STYLE = Automatic;
				COMBINE_HIDPI_IMAGES = YES;
				DEVELOPMENT_TEAM = 9QQ2JZFGTQ;
				INFOPLIST_FILE = "Game EngineTests/Info.plist";
				LD_RUNPATH_SEARCH_PATHS = "$(inherited) @executable_path/../Frameworks @loader_path/../Frameworks";
				PRODUCT_BUNDLE_IDENTIFIER = "net.ricktwohy.Game-EngineTests";
				PRODUCT_NAME = "$(TARGET_NAME)";
				SWIFT_VERSION = 5.0;
				TEST_HOST = "$(BUILT_PRODUCTS_DIR)/Game Engine.app/Contents/MacOS/Game Engine";
			};
			name = Debug;
		};
		1C0208F3206D575700EFC375 /* Release */ = {
			isa = XCBuildConfiguration;
			buildSettings = {
				ALWAYS_EMBED_SWIFT_STANDARD_LIBRARIES = YES;
				BUNDLE_LOADER = "$(TEST_HOST)";
				CODE_SIGN_STYLE = Automatic;
				COMBINE_HIDPI_IMAGES = YES;
				DEVELOPMENT_TEAM = 9QQ2JZFGTQ;
				INFOPLIST_FILE = "Game EngineTests/Info.plist";
				LD_RUNPATH_SEARCH_PATHS = "$(inherited) @executable_path/../Frameworks @loader_path/../Frameworks";
				PRODUCT_BUNDLE_IDENTIFIER = "net.ricktwohy.Game-EngineTests";
				PRODUCT_NAME = "$(TARGET_NAME)";
				SWIFT_VERSION = 5.0;
				TEST_HOST = "$(BUILT_PRODUCTS_DIR)/Game Engine.app/Contents/MacOS/Game Engine";
			};
			name = Release;
		};
		1C0208F5206D575700EFC375 /* Debug */ = {
			isa = XCBuildConfiguration;
			buildSettings = {
				ALWAYS_EMBED_SWIFT_STANDARD_LIBRARIES = YES;
				CODE_SIGN_STYLE = Automatic;
				COMBINE_HIDPI_IMAGES = YES;
				DEVELOPMENT_TEAM = 9QQ2JZFGTQ;
				INFOPLIST_FILE = "Game EngineUITests/Info.plist";
				LD_RUNPATH_SEARCH_PATHS = "$(inherited) @executable_path/../Frameworks @loader_path/../Frameworks";
				PRODUCT_BUNDLE_IDENTIFIER = "net.ricktwohy.Game-EngineUITests";
				PRODUCT_NAME = "$(TARGET_NAME)";
				SWIFT_VERSION = 5.0;
				TEST_TARGET_NAME = "Game Engine";
			};
			name = Debug;
		};
		1C0208F6206D575700EFC375 /* Release */ = {
			isa = XCBuildConfiguration;
			buildSettings = {
				ALWAYS_EMBED_SWIFT_STANDARD_LIBRARIES = YES;
				CODE_SIGN_STYLE = Automatic;
				COMBINE_HIDPI_IMAGES = YES;
				DEVELOPMENT_TEAM = 9QQ2JZFGTQ;
				INFOPLIST_FILE = "Game EngineUITests/Info.plist";
				LD_RUNPATH_SEARCH_PATHS = "$(inherited) @executable_path/../Frameworks @loader_path/../Frameworks";
				PRODUCT_BUNDLE_IDENTIFIER = "net.ricktwohy.Game-EngineUITests";
				PRODUCT_NAME = "$(TARGET_NAME)";
				SWIFT_VERSION = 5.0;
				TEST_TARGET_NAME = "Game Engine";
			};
			name = Release;
		};
/* End XCBuildConfiguration section */

/* Begin XCConfigurationList section */
		1C0208C0206D575700EFC375 /* Build configuration list for PBXProject "Game Engine" */ = {
			isa = XCConfigurationList;
			buildConfigurations = (
				1C0208EC206D575700EFC375 /* Debug */,
				1C0208ED206D575700EFC375 /* Release */,
			);
			defaultConfigurationIsVisible = 0;
			defaultConfigurationName = Release;
		};
		1C0208EE206D575700EFC375 /* Build configuration list for PBXNativeTarget "Game Engine" */ = {
			isa = XCConfigurationList;
			buildConfigurations = (
				1C0208EF206D575700EFC375 /* Debug */,
				1C0208F0206D575700EFC375 /* Release */,
			);
			defaultConfigurationIsVisible = 0;
			defaultConfigurationName = Release;
		};
		1C0208F1206D575700EFC375 /* Build configuration list for PBXNativeTarget "Game EngineTests" */ = {
			isa = XCConfigurationList;
			buildConfigurations = (
				1C0208F2206D575700EFC375 /* Debug */,
				1C0208F3206D575700EFC375 /* Release */,
			);
			defaultConfigurationIsVisible = 0;
			defaultConfigurationName = Release;
		};
		1C0208F4206D575700EFC375 /* Build configuration list for PBXNativeTarget "Game EngineUITests" */ = {
			isa = XCConfigurationList;
			buildConfigurations = (
				1C0208F5206D575700EFC375 /* Debug */,
				1C0208F6206D575700EFC375 /* Release */,
			);
			defaultConfigurationIsVisible = 0;
			defaultConfigurationName = Release;
		};
/* End XCConfigurationList section */

/* Begin XCVersionGroup section */
		1C0208CC206D575700EFC375 /* Game_Engine.xcdatamodeld */ = {
			isa = XCVersionGroup;
			children = (
				1C0208CD206D575700EFC375 /* Game_Engine.xcdatamodel */,
			);
			currentVersion = 1C0208CD206D575700EFC375 /* Game_Engine.xcdatamodel */;
			path = Game_Engine.xcdatamodeld;
			sourceTree = "<group>";
			versionGroupType = wrapper.xcdatamodel;
		};
/* End XCVersionGroup section */
	};
	rootObject = 1C0208BD206D575700EFC375 /* Project object */;
}
