// !$*UTF8*$!
{
	archiveVersion = 1;
	classes = {
	};
	objectVersion = 48;
	objects = {

/* Begin PBXBuildFile section */
		1C0208C9206D575700EFC375 /* AppDelegate.swift in Sources */ = {isa = PBXBuildFile; fileRef = 1C0208C8206D575700EFC375 /* AppDelegate.swift */; };
		1C0208CE206D575700EFC375 /* Game_Engine.xcdatamodeld in Sources */ = {isa = PBXBuildFile; fileRef = 1C0208CC206D575700EFC375 /* Game_Engine.xcdatamodeld */; };
		1C0208D0206D575700EFC375 /* Assets.xcassets in Resources */ = {isa = PBXBuildFile; fileRef = 1C0208CF206D575700EFC375 /* Assets.xcassets */; };
		1C0208D3206D575700EFC375 /* Main.storyboard in Resources */ = {isa = PBXBuildFile; fileRef = 1C0208D1206D575700EFC375 /* Main.storyboard */; };
		1C0208DF206D575700EFC375 /* Game_EngineTests.swift in Sources */ = {isa = PBXBuildFile; fileRef = 1C0208DE206D575700EFC375 /* Game_EngineTests.swift */; };
		1C0208EA206D575700EFC375 /* Game_EngineUITests.swift in Sources */ = {isa = PBXBuildFile; fileRef = 1C0208E9206D575700EFC375 /* Game_EngineUITests.swift */; };
		1C0208FB206D578100EFC375 /* GameView.swift in Sources */ = {isa = PBXBuildFile; fileRef = 1C0208FA206D578100EFC375 /* GameView.swift */; };
		1C0208FD206D579800EFC375 /* BasicShaders.metal in Sources */ = {isa = PBXBuildFile; fileRef = 1C0208FC206D579800EFC375 /* BasicShaders.metal */; };
		1C66A279208430880014D1E2 /* MetalTypes.swift in Sources */ = {isa = PBXBuildFile; fileRef = 1C66A278208430880014D1E2 /* MetalTypes.swift */; };
		1C6E769120ACF8C6007F1DA5 /* MeshLibrary.swift in Sources */ = {isa = PBXBuildFile; fileRef = 1C6E769020ACF8C6007F1DA5 /* MeshLibrary.swift */; };
		1C6E769520ACFC75007F1DA5 /* Node.swift in Sources */ = {isa = PBXBuildFile; fileRef = 1C6E769420ACFC75007F1DA5 /* Node.swift */; };
		1CA84B312092A97500465F6A /* Engine.swift in Sources */ = {isa = PBXBuildFile; fileRef = 1CA84B302092A97500465F6A /* Engine.swift */; };
		1CA84B332092AA2E00465F6A /* Preferences.swift in Sources */ = {isa = PBXBuildFile; fileRef = 1CA84B322092AA2E00465F6A /* Preferences.swift */; };
		1CA84B372092AE7300465F6A /* VertexDescriptorLibrary.swift in Sources */ = {isa = PBXBuildFile; fileRef = 1CA84B362092AE7300465F6A /* VertexDescriptorLibrary.swift */; };
		1CA84B3B2092B1D000465F6A /* RenderPipelineStateLibrary.swift in Sources */ = {isa = PBXBuildFile; fileRef = 1CA84B3A2092B1D000465F6A /* RenderPipelineStateLibrary.swift */; };
		1CADF5AA20B4DB770000F54C /* GameObject.swift in Sources */ = {isa = PBXBuildFile; fileRef = 1CADF5A920B4DB770000F54C /* GameObject.swift */; };
		1CADF5AC20B4DB800000F54C /* Pointer.swift in Sources */ = {isa = PBXBuildFile; fileRef = 1CADF5AB20B4DB800000F54C /* Pointer.swift */; };
		1CADF5AF20B4DBB40000F54C /* Renderable.swift in Sources */ = {isa = PBXBuildFile; fileRef = 1CADF5AE20B4DBB40000F54C /* Renderable.swift */; };
		1CDA5B7D209FE2EE00A924A1 /* Renderer.swift in Sources */ = {isa = PBXBuildFile; fileRef = 1CDA5B7C209FE2EE00A924A1 /* Renderer.swift */; };
		C608C90A21EB113500B58EC7 /* Quad.swift in Sources */ = {isa = PBXBuildFile; fileRef = C608C90921EB113500B58EC7 /* Quad.swift */; };
		C608C90C21EB11E000B58EC7 /* GameTime.swift in Sources */ = {isa = PBXBuildFile; fileRef = C608C90B21EB11E000B58EC7 /* GameTime.swift */; };
		C608C91121EB12BC00B58EC7 /* Graphics.swift in Sources */ = {isa = PBXBuildFile; fileRef = C608C91021EB12BC00B58EC7 /* Graphics.swift */; };
		C608C91321EB131C00B58EC7 /* Entities.swift in Sources */ = {isa = PBXBuildFile; fileRef = C608C91221EB131C00B58EC7 /* Entities.swift */; };
		C608C91521EB134800B58EC7 /* Library.swift in Sources */ = {isa = PBXBuildFile; fileRef = C608C91421EB134800B58EC7 /* Library.swift */; };
		C608C91921EB152600B58EC7 /* ShaderLibrary.swift in Sources */ = {isa = PBXBuildFile; fileRef = C608C91821EB152600B58EC7 /* ShaderLibrary.swift */; };
		C608C91F21EB1E8200B58EC7 /* Shared.metal in Sources */ = {isa = PBXBuildFile; fileRef = C608C91E21EB1E8200B58EC7 /* Shared.metal */; };
		C608C92321EBB23500B58EC7 /* InstancedShaders.metal in Sources */ = {isa = PBXBuildFile; fileRef = C608C92221EBB23500B58EC7 /* InstancedShaders.metal */; };
		C60ED7CE22358D6100B1B94B /* PartyPirateParot.png in Resources */ = {isa = PBXBuildFile; fileRef = C60ED7CD22358D6100B1B94B /* PartyPirateParot.png */; };
		C60ED7D022358EAD00B1B94B /* TextureLibrary.swift in Sources */ = {isa = PBXBuildFile; fileRef = C60ED7CF22358EAD00B1B94B /* TextureLibrary.swift */; };
		C60ED7D22235900C00B1B94B /* SamplerStateLibrary.swift in Sources */ = {isa = PBXBuildFile; fileRef = C60ED7D12235900C00B1B94B /* SamplerStateLibrary.swift */; };
		C63ED1A622D9BA5F00BEB811 /* sphere.obj in Resources */ = {isa = PBXBuildFile; fileRef = C63ED1A522D9BA5F00BEB811 /* sphere.obj */; };
		C68F50DE221CD09C0091E35F /* Math.swift in Sources */ = {isa = PBXBuildFile; fileRef = C68F50DD221CD09C0091E35F /* Math.swift */; };
		C6A215342385B0AC003A003C /* Lighting.metal in Sources */ = {isa = PBXBuildFile; fileRef = C6A215332385B0AC003A003C /* Lighting.metal */; };
		C6DC12822252F7D3002E5A09 /* cruiser.obj in Resources */ = {isa = PBXBuildFile; fileRef = C6DC127F2252F7D3002E5A09 /* cruiser.obj */; };
		C6DC12832252F7D3002E5A09 /* cruiser.bmp in Resources */ = {isa = PBXBuildFile; fileRef = C6DC12802252F7D3002E5A09 /* cruiser.bmp */; };
		C6DC12842252F7D4002E5A09 /* cruiser.mtl in Resources */ = {isa = PBXBuildFile; fileRef = C6DC12812252F7D3002E5A09 /* cruiser.mtl */; };
		C6DC12862252FA92002E5A09 /* Cruiser.swift in Sources */ = {isa = PBXBuildFile; fileRef = C6DC12852252FA92002E5A09 /* Cruiser.swift */; };
		C6F0A39D229390B9001E5878 /* LightObject.swift in Sources */ = {isa = PBXBuildFile; fileRef = C6F0A39C229390B9001E5878 /* LightObject.swift */; };
		C6F0A39F229391AF001E5878 /* LightManager.swift in Sources */ = {isa = PBXBuildFile; fileRef = C6F0A39E229391AF001E5878 /* LightManager.swift */; };
		C6F0A3A1229393C9001E5878 /* Sun.swift in Sources */ = {isa = PBXBuildFile; fileRef = C6F0A3A0229393C9001E5878 /* Sun.swift */; };
		EB3FC4DA20D6E78500CADFD8 /* Keyboard.swift in Sources */ = {isa = PBXBuildFile; fileRef = EB3FC4D920D6E78500CADFD8 /* Keyboard.swift */; };
		EB3FC4DC20D6E80A00CADFD8 /* KeyCodes.swift in Sources */ = {isa = PBXBuildFile; fileRef = EB3FC4DB20D6E80A00CADFD8 /* KeyCodes.swift */; };
		EB3FC4DE20D6E98A00CADFD8 /* Mouse.swift in Sources */ = {isa = PBXBuildFile; fileRef = EB3FC4DD20D6E98A00CADFD8 /* Mouse.swift */; };
		EB6A608B20F2797F00454ED9 /* Camera.swift in Sources */ = {isa = PBXBuildFile; fileRef = EB6A608A20F2797F00454ED9 /* Camera.swift */; };
		EB6A608D20F27A5200454ED9 /* DebugCamera.swift in Sources */ = {isa = PBXBuildFile; fileRef = EB6A608C20F27A5200454ED9 /* DebugCamera.swift */; };
		EB6A608F20F27C8F00454ED9 /* CameraManager.swift in Sources */ = {isa = PBXBuildFile; fileRef = EB6A608E20F27C8F00454ED9 /* CameraManager.swift */; };
		EB7AA338212E56DA0076FC19 /* Cube.swift in Sources */ = {isa = PBXBuildFile; fileRef = EB7AA337212E56DA0076FC19 /* Cube.swift */; };
		EB7AA33A212E57FF0076FC19 /* DepthStencilStateLibrary.swift in Sources */ = {isa = PBXBuildFile; fileRef = EB7AA339212E57FF0076FC19 /* DepthStencilStateLibrary.swift */; };
		EBB8610A20CF3309004D5AAD /* Scene.swift in Sources */ = {isa = PBXBuildFile; fileRef = EBB8610920CF3309004D5AAD /* Scene.swift */; };
		EBB8610C20CF342C004D5AAD /* SandboxScene.swift in Sources */ = {isa = PBXBuildFile; fileRef = EBB8610B20CF342C004D5AAD /* SandboxScene.swift */; };
		EBB8610F20CF3524004D5AAD /* SceneManager.swift in Sources */ = {isa = PBXBuildFile; fileRef = EBB8610E20CF3524004D5AAD /* SceneManager.swift */; };
		EBB9061E2173BC5A003B8CD0 /* InstancedGameObject.swift in Sources */ = {isa = PBXBuildFile; fileRef = EBB9061D2173BC5A003B8CD0 /* InstancedGameObject.swift */; };
		EBB906202173C211003B8CD0 /* CubeCollection.swift in Sources */ = {isa = PBXBuildFile; fileRef = EBB9061F2173C211003B8CD0 /* CubeCollection.swift */; };
		EBD9AE33214D7EF40080DE26 /* ColorUtil.swift in Sources */ = {isa = PBXBuildFile; fileRef = EBD9AE32214D7EF40080DE26 /* ColorUtil.swift */; };
/* End PBXBuildFile section */

/* Begin PBXContainerItemProxy section */
		1C0208DB206D575700EFC375 /* PBXContainerItemProxy */ = {
			isa = PBXContainerItemProxy;
			containerPortal = 1C0208BD206D575700EFC375 /* Project object */;
			proxyType = 1;
			remoteGlobalIDString = 1C0208C4206D575700EFC375;
			remoteInfo = "Game Engine";
		};
		1C0208E6206D575700EFC375 /* PBXContainerItemProxy */ = {
			isa = PBXContainerItemProxy;
			containerPortal = 1C0208BD206D575700EFC375 /* Project object */;
			proxyType = 1;
			remoteGlobalIDString = 1C0208C4206D575700EFC375;
			remoteInfo = "Game Engine";
		};
/* End PBXContainerItemProxy section */

/* Begin PBXFileReference section */
		1C0208C5206D575700EFC375 /* Game Engine.app */ = {isa = PBXFileReference; explicitFileType = wrapper.application; includeInIndex = 0; path = "Game Engine.app"; sourceTree = BUILT_PRODUCTS_DIR; };
		1C0208C8206D575700EFC375 /* AppDelegate.swift */ = {isa = PBXFileReference; lastKnownFileType = sourcecode.swift; path = AppDelegate.swift; sourceTree = "<group>"; };
		1C0208CD206D575700EFC375 /* Game_Engine.xcdatamodel */ = {isa = PBXFileReference; lastKnownFileType = wrapper.xcdatamodel; path = Game_Engine.xcdatamodel; sourceTree = "<group>"; };
		1C0208CF206D575700EFC375 /* Assets.xcassets */ = {isa = PBXFileReference; lastKnownFileType = folder.assetcatalog; path = Assets.xcassets; sourceTree = "<group>"; };
		1C0208D2206D575700EFC375 /* Base */ = {isa = PBXFileReference; lastKnownFileType = file.storyboard; name = Base; path = Base.lproj/Main.storyboard; sourceTree = "<group>"; };
		1C0208D4206D575700EFC375 /* Info.plist */ = {isa = PBXFileReference; lastKnownFileType = text.plist.xml; path = Info.plist; sourceTree = "<group>"; };
		1C0208D5206D575700EFC375 /* Game_Engine.entitlements */ = {isa = PBXFileReference; lastKnownFileType = text.plist.entitlements; path = Game_Engine.entitlements; sourceTree = "<group>"; };
		1C0208DA206D575700EFC375 /* Game EngineTests.xctest */ = {isa = PBXFileReference; explicitFileType = wrapper.cfbundle; includeInIndex = 0; path = "Game EngineTests.xctest"; sourceTree = BUILT_PRODUCTS_DIR; };
		1C0208DE206D575700EFC375 /* Game_EngineTests.swift */ = {isa = PBXFileReference; lastKnownFileType = sourcecode.swift; path = Game_EngineTests.swift; sourceTree = "<group>"; };
		1C0208E0206D575700EFC375 /* Info.plist */ = {isa = PBXFileReference; lastKnownFileType = text.plist.xml; path = Info.plist; sourceTree = "<group>"; };
		1C0208E5206D575700EFC375 /* Game EngineUITests.xctest */ = {isa = PBXFileReference; explicitFileType = wrapper.cfbundle; includeInIndex = 0; path = "Game EngineUITests.xctest"; sourceTree = BUILT_PRODUCTS_DIR; };
		1C0208E9206D575700EFC375 /* Game_EngineUITests.swift */ = {isa = PBXFileReference; lastKnownFileType = sourcecode.swift; path = Game_EngineUITests.swift; sourceTree = "<group>"; };
		1C0208EB206D575700EFC375 /* Info.plist */ = {isa = PBXFileReference; lastKnownFileType = text.plist.xml; path = Info.plist; sourceTree = "<group>"; };
		1C0208FA206D578100EFC375 /* GameView.swift */ = {isa = PBXFileReference; lastKnownFileType = sourcecode.swift; path = GameView.swift; sourceTree = "<group>"; };
		1C0208FC206D579800EFC375 /* BasicShaders.metal */ = {isa = PBXFileReference; lastKnownFileType = sourcecode.metal; path = BasicShaders.metal; sourceTree = "<group>"; };
		1C66A278208430880014D1E2 /* MetalTypes.swift */ = {isa = PBXFileReference; lastKnownFileType = sourcecode.swift; path = MetalTypes.swift; sourceTree = "<group>"; };
		1C6E769020ACF8C6007F1DA5 /* MeshLibrary.swift */ = {isa = PBXFileReference; lastKnownFileType = sourcecode.swift; path = MeshLibrary.swift; sourceTree = "<group>"; };
		1C6E769420ACFC75007F1DA5 /* Node.swift */ = {isa = PBXFileReference; lastKnownFileType = sourcecode.swift; name = Node.swift; path = "Game Engine/Game Shizz/Node.swift"; sourceTree = SOURCE_ROOT; };
		1CA84B302092A97500465F6A /* Engine.swift */ = {isa = PBXFileReference; lastKnownFileType = sourcecode.swift; path = Engine.swift; sourceTree = "<group>"; };
		1CA84B322092AA2E00465F6A /* Preferences.swift */ = {isa = PBXFileReference; lastKnownFileType = sourcecode.swift; path = Preferences.swift; sourceTree = "<group>"; };
		1CA84B362092AE7300465F6A /* VertexDescriptorLibrary.swift */ = {isa = PBXFileReference; lastKnownFileType = sourcecode.swift; path = VertexDescriptorLibrary.swift; sourceTree = "<group>"; };
		1CA84B3A2092B1D000465F6A /* RenderPipelineStateLibrary.swift */ = {isa = PBXFileReference; lastKnownFileType = sourcecode.swift; path = RenderPipelineStateLibrary.swift; sourceTree = "<group>"; };
		1CADF5A920B4DB770000F54C /* GameObject.swift */ = {isa = PBXFileReference; lastKnownFileType = sourcecode.swift; path = GameObject.swift; sourceTree = "<group>"; };
		1CADF5AB20B4DB800000F54C /* Pointer.swift */ = {isa = PBXFileReference; lastKnownFileType = sourcecode.swift; path = Pointer.swift; sourceTree = "<group>"; };
		1CADF5AE20B4DBB40000F54C /* Renderable.swift */ = {isa = PBXFileReference; lastKnownFileType = sourcecode.swift; path = Renderable.swift; sourceTree = "<group>"; };
		1CDA5B7C209FE2EE00A924A1 /* Renderer.swift */ = {isa = PBXFileReference; lastKnownFileType = sourcecode.swift; path = Renderer.swift; sourceTree = "<group>"; };
		C608C90921EB113500B58EC7 /* Quad.swift */ = {isa = PBXFileReference; lastKnownFileType = sourcecode.swift; name = Quad.swift; path = "Game Engine/Game Shizz/game objects/Quad.swift"; sourceTree = SOURCE_ROOT; };
		C608C90B21EB11E000B58EC7 /* GameTime.swift */ = {isa = PBXFileReference; lastKnownFileType = sourcecode.swift; path = GameTime.swift; sourceTree = "<group>"; };
		C608C91021EB12BC00B58EC7 /* Graphics.swift */ = {isa = PBXFileReference; lastKnownFileType = sourcecode.swift; path = Graphics.swift; sourceTree = "<group>"; };
		C608C91221EB131C00B58EC7 /* Entities.swift */ = {isa = PBXFileReference; lastKnownFileType = sourcecode.swift; path = Entities.swift; sourceTree = "<group>"; };
		C608C91421EB134800B58EC7 /* Library.swift */ = {isa = PBXFileReference; lastKnownFileType = sourcecode.swift; path = Library.swift; sourceTree = "<group>"; };
		C608C91821EB152600B58EC7 /* ShaderLibrary.swift */ = {isa = PBXFileReference; lastKnownFileType = sourcecode.swift; path = ShaderLibrary.swift; sourceTree = "<group>"; };
		C608C91E21EB1E8200B58EC7 /* Shared.metal */ = {isa = PBXFileReference; lastKnownFileType = sourcecode.metal; path = Shared.metal; sourceTree = "<group>"; };
		C608C92221EBB23500B58EC7 /* InstancedShaders.metal */ = {isa = PBXFileReference; lastKnownFileType = sourcecode.metal; path = InstancedShaders.metal; sourceTree = "<group>"; };
		C60ED7CD22358D6100B1B94B /* PartyPirateParot.png */ = {isa = PBXFileReference; lastKnownFileType = image.png; path = PartyPirateParot.png; sourceTree = "<group>"; };
		C60ED7CF22358EAD00B1B94B /* TextureLibrary.swift */ = {isa = PBXFileReference; lastKnownFileType = sourcecode.swift; path = TextureLibrary.swift; sourceTree = "<group>"; };
		C60ED7D12235900C00B1B94B /* SamplerStateLibrary.swift */ = {isa = PBXFileReference; lastKnownFileType = sourcecode.swift; path = SamplerStateLibrary.swift; sourceTree = "<group>"; };
		C63ED1A522D9BA5F00BEB811 /* sphere.obj */ = {isa = PBXFileReference; fileEncoding = 4; lastKnownFileType = text; path = sphere.obj; sourceTree = "<group>"; };
		C68F50DD221CD09C0091E35F /* Math.swift */ = {isa = PBXFileReference; fileEncoding = 4; lastKnownFileType = sourcecode.swift; path = Math.swift; sourceTree = "<group>"; };
		C6A215332385B0AC003A003C /* Lighting.metal */ = {isa = PBXFileReference; lastKnownFileType = sourcecode.metal; path = Lighting.metal; sourceTree = "<group>"; };
		C6DC127F2252F7D3002E5A09 /* cruiser.obj */ = {isa = PBXFileReference; fileEncoding = 4; lastKnownFileType = text; path = cruiser.obj; sourceTree = "<group>"; };
		C6DC12802252F7D3002E5A09 /* cruiser.bmp */ = {isa = PBXFileReference; lastKnownFileType = image.bmp; path = cruiser.bmp; sourceTree = "<group>"; };
		C6DC12812252F7D3002E5A09 /* cruiser.mtl */ = {isa = PBXFileReference; fileEncoding = 4; lastKnownFileType = text; path = cruiser.mtl; sourceTree = "<group>"; };
		C6DC12852252FA92002E5A09 /* Cruiser.swift */ = {isa = PBXFileReference; lastKnownFileType = sourcecode.swift; path = Cruiser.swift; sourceTree = "<group>"; };
		C6F0A39C229390B9001E5878 /* LightObject.swift */ = {isa = PBXFileReference; lastKnownFileType = sourcecode.swift; path = LightObject.swift; sourceTree = "<group>"; };
		C6F0A39E229391AF001E5878 /* LightManager.swift */ = {isa = PBXFileReference; lastKnownFileType = sourcecode.swift; path = LightManager.swift; sourceTree = "<group>"; };
		C6F0A3A0229393C9001E5878 /* Sun.swift */ = {isa = PBXFileReference; lastKnownFileType = sourcecode.swift; path = Sun.swift; sourceTree = "<group>"; };
		EB3FC4D920D6E78500CADFD8 /* Keyboard.swift */ = {isa = PBXFileReference; lastKnownFileType = sourcecode.swift; path = Keyboard.swift; sourceTree = "<group>"; };
		EB3FC4DB20D6E80A00CADFD8 /* KeyCodes.swift */ = {isa = PBXFileReference; lastKnownFileType = sourcecode.swift; path = KeyCodes.swift; sourceTree = "<group>"; };
		EB3FC4DD20D6E98A00CADFD8 /* Mouse.swift */ = {isa = PBXFileReference; lastKnownFileType = sourcecode.swift; path = Mouse.swift; sourceTree = "<group>"; };
		EB6A608A20F2797F00454ED9 /* Camera.swift */ = {isa = PBXFileReference; lastKnownFileType = sourcecode.swift; path = Camera.swift; sourceTree = "<group>"; };
		EB6A608C20F27A5200454ED9 /* DebugCamera.swift */ = {isa = PBXFileReference; lastKnownFileType = sourcecode.swift; path = DebugCamera.swift; sourceTree = "<group>"; };
		EB6A608E20F27C8F00454ED9 /* CameraManager.swift */ = {isa = PBXFileReference; lastKnownFileType = sourcecode.swift; path = CameraManager.swift; sourceTree = "<group>"; };
		EB7AA337212E56DA0076FC19 /* Cube.swift */ = {isa = PBXFileReference; lastKnownFileType = sourcecode.swift; path = Cube.swift; sourceTree = "<group>"; };
		EB7AA339212E57FF0076FC19 /* DepthStencilStateLibrary.swift */ = {isa = PBXFileReference; lastKnownFileType = sourcecode.swift; path = DepthStencilStateLibrary.swift; sourceTree = "<group>"; };
		EBB8610920CF3309004D5AAD /* Scene.swift */ = {isa = PBXFileReference; lastKnownFileType = sourcecode.swift; path = Scene.swift; sourceTree = "<group>"; };
		EBB8610B20CF342C004D5AAD /* SandboxScene.swift */ = {isa = PBXFileReference; lastKnownFileType = sourcecode.swift; path = SandboxScene.swift; sourceTree = "<group>"; };
		EBB8610E20CF3524004D5AAD /* SceneManager.swift */ = {isa = PBXFileReference; lastKnownFileType = sourcecode.swift; path = SceneManager.swift; sourceTree = "<group>"; };
		EBB9061D2173BC5A003B8CD0 /* InstancedGameObject.swift */ = {isa = PBXFileReference; lastKnownFileType = sourcecode.swift; path = InstancedGameObject.swift; sourceTree = "<group>"; };
		EBB9061F2173C211003B8CD0 /* CubeCollection.swift */ = {isa = PBXFileReference; lastKnownFileType = sourcecode.swift; path = CubeCollection.swift; sourceTree = "<group>"; };
		EBD9AE32214D7EF40080DE26 /* ColorUtil.swift */ = {isa = PBXFileReference; lastKnownFileType = sourcecode.swift; path = ColorUtil.swift; sourceTree = "<group>"; };
/* End PBXFileReference section */

/* Begin PBXFrameworksBuildPhase section */
		1C0208C2206D575700EFC375 /* Frameworks */ = {
			isa = PBXFrameworksBuildPhase;
			buildActionMask = 2147483647;
			files = (
			);
			runOnlyForDeploymentPostprocessing = 0;
		};
		1C0208D7206D575700EFC375 /* Frameworks */ = {
			isa = PBXFrameworksBuildPhase;
			buildActionMask = 2147483647;
			files = (
			);
			runOnlyForDeploymentPostprocessing = 0;
		};
		1C0208E2206D575700EFC375 /* Frameworks */ = {
			isa = PBXFrameworksBuildPhase;
			buildActionMask = 2147483647;
			files = (
			);
			runOnlyForDeploymentPostprocessing = 0;
		};
/* End PBXFrameworksBuildPhase section */

/* Begin PBXGroup section */
		1C0208BC206D575700EFC375 = {
			isa = PBXGroup;
			children = (
				1C0208C7206D575700EFC375 /* Game Engine */,
				1C0208DD206D575700EFC375 /* Game EngineTests */,
				1C0208E8206D575700EFC375 /* Game EngineUITests */,
				1C0208C6206D575700EFC375 /* Products */,
			);
			sourceTree = "<group>";
		};
		1C0208C6206D575700EFC375 /* Products */ = {
			isa = PBXGroup;
			children = (
				1C0208C5206D575700EFC375 /* Game Engine.app */,
				1C0208DA206D575700EFC375 /* Game EngineTests.xctest */,
				1C0208E5206D575700EFC375 /* Game EngineUITests.xctest */,
			);
			name = Products;
			sourceTree = "<group>";
		};
		1C0208C7206D575700EFC375 /* Game Engine */ = {
			isa = PBXGroup;
			children = (
				1CA84B232092A66C00465F6A /* Core */,
				C608C90E21EB12A300B58EC7 /* Entities */,
				C608C90F21EB12AC00B58EC7 /* Graphics */,
				EBB8610D20CF3511004D5AAD /* Managers */,
				1CADF5A720B4DB430000F54C /* Game Shizz */,
				1CA84B242092A67000465F6A /* Display */,
				1C0208F7206D575F00EFC375 /* Other FIles */,
			);
			path = "Game Engine";
			sourceTree = "<group>";
		};
		1C0208DD206D575700EFC375 /* Game EngineTests */ = {
			isa = PBXGroup;
			children = (
				1C0208DE206D575700EFC375 /* Game_EngineTests.swift */,
				1C0208E0206D575700EFC375 /* Info.plist */,
			);
			path = "Game EngineTests";
			sourceTree = "<group>";
		};
		1C0208E8206D575700EFC375 /* Game EngineUITests */ = {
			isa = PBXGroup;
			children = (
				1C0208E9206D575700EFC375 /* Game_EngineUITests.swift */,
				1C0208EB206D575700EFC375 /* Info.plist */,
			);
			path = "Game EngineUITests";
			sourceTree = "<group>";
		};
		1C0208F7206D575F00EFC375 /* Other FIles */ = {
			isa = PBXGroup;
			children = (
				1C0208C8206D575700EFC375 /* AppDelegate.swift */,
				1C0208CF206D575700EFC375 /* Assets.xcassets */,
				1C0208D4206D575700EFC375 /* Info.plist */,
				1C0208D5206D575700EFC375 /* Game_Engine.entitlements */,
				1C0208CC206D575700EFC375 /* Game_Engine.xcdatamodeld */,
			);
			path = "Other FIles";
			sourceTree = "<group>";
		};
		1CA84B232092A66C00465F6A /* Core */ = {
			isa = PBXGroup;
			children = (
				1CA84B302092A97500465F6A /* Engine.swift */,
				C608C90B21EB11E000B58EC7 /* GameTime.swift */,
				1CA84B322092AA2E00465F6A /* Preferences.swift */,
				C60ED7CC22358D4B00B1B94B /* res */,
				C67E621D21EBE61300BE16ED /* maths */,
				C608C90D21EB126B00B58EC7 /* types */,
				EB3FC4D820D6E77500CADFD8 /* Input */,
				EBD9AE31214D7EE60080DE26 /* utils */,
			);
			path = Core;
			sourceTree = "<group>";
		};
		1CA84B242092A67000465F6A /* Display */ = {
			isa = PBXGroup;
			children = (
				1CDA5B7C209FE2EE00A924A1 /* Renderer.swift */,
				1C0208FA206D578100EFC375 /* GameView.swift */,
				1C0208D1206D575700EFC375 /* Main.storyboard */,
			);
			path = Display;
			sourceTree = "<group>";
		};
		1CA84B252092A67500465F6A /* shaders */ = {
			isa = PBXGroup;
			children = (
				C608C91E21EB1E8200B58EC7 /* Shared.metal */,
				C6A215332385B0AC003A003C /* Lighting.metal */,
				1C0208FC206D579800EFC375 /* BasicShaders.metal */,
				C608C92221EBB23500B58EC7 /* InstancedShaders.metal */,
			);
			path = shaders;
			sourceTree = "<group>";
		};
		1CADF5A720B4DB430000F54C /* Game Shizz */ = {
			isa = PBXGroup;
			children = (
				1C6E769420ACFC75007F1DA5 /* Node.swift */,
				EB6A608920F2796800454ED9 /* cameras */,
				EBB8610820CF32F8004D5AAD /* scenes */,
				1CADF5A820B4DB6D0000F54C /* game objects */,
				1CADF5AD20B4DBA30000F54C /* protocols */,
			);
			path = "Game Shizz";
			sourceTree = "<group>";
		};
		1CADF5A820B4DB6D0000F54C /* game objects */ = {
			isa = PBXGroup;
			children = (
				1CADF5A920B4DB770000F54C /* GameObject.swift */,
				C6F0A39C229390B9001E5878 /* LightObject.swift */,
				EBB9061D2173BC5A003B8CD0 /* InstancedGameObject.swift */,
				C6F0A3A0229393C9001E5878 /* Sun.swift */,
				C6DC12852252FA92002E5A09 /* Cruiser.swift */,
				EBB9061F2173C211003B8CD0 /* CubeCollection.swift */,
				1CADF5AB20B4DB800000F54C /* Pointer.swift */,
				EB7AA337212E56DA0076FC19 /* Cube.swift */,
				C608C90921EB113500B58EC7 /* Quad.swift */,
			);
			path = "game objects";
			sourceTree = "<group>";
		};
		1CADF5AD20B4DBA30000F54C /* protocols */ = {
			isa = PBXGroup;
			children = (
				1CADF5AE20B4DBB40000F54C /* Renderable.swift */,
			);
			path = protocols;
			sourceTree = "<group>";
		};
		BD34B8BC24082F6F0017F714 /* New Group */ = {
			isa = PBXGroup;
			children = (
			);
			path = "New Group";
			sourceTree = "<group>";
		};
		C608C90D21EB126B00B58EC7 /* types */ = {
			isa = PBXGroup;
			children = (
				1C66A278208430880014D1E2 /* MetalTypes.swift */,
				C608C91421EB134800B58EC7 /* Library.swift */,
			);
			path = types;
			sourceTree = "<group>";
		};
		C608C90E21EB12A300B58EC7 /* Entities */ = {
			isa = PBXGroup;
			children = (
				C608C91221EB131C00B58EC7 /* Entities.swift */,
				C608C91621EB139800B58EC7 /* libraries */,
			);
			path = Entities;
			sourceTree = "<group>";
		};
		C608C90F21EB12AC00B58EC7 /* Graphics */ = {
			isa = PBXGroup;
			children = (
				C608C91021EB12BC00B58EC7 /* Graphics.swift */,
				C608C91721EB13A200B58EC7 /* libraries */,
				1CA84B252092A67500465F6A /* shaders */,
			);
			path = Graphics;
			sourceTree = "<group>";
		};
		C608C91621EB139800B58EC7 /* libraries */ = {
			isa = PBXGroup;
			children = (
				1C6E769020ACF8C6007F1DA5 /* MeshLibrary.swift */,
				C60ED7CF22358EAD00B1B94B /* TextureLibrary.swift */,
			);
			path = libraries;
			sourceTree = "<group>";
		};
		C608C91721EB13A200B58EC7 /* libraries */ = {
			isa = PBXGroup;
			children = (
				C608C91821EB152600B58EC7 /* ShaderLibrary.swift */,
				1CA84B3A2092B1D000465F6A /* RenderPipelineStateLibrary.swift */,
				1CA84B362092AE7300465F6A /* VertexDescriptorLibrary.swift */,
				EB7AA339212E57FF0076FC19 /* DepthStencilStateLibrary.swift */,
				C60ED7D12235900C00B1B94B /* SamplerStateLibrary.swift */,
			);
			path = libraries;
			sourceTree = "<group>";
		};
		C60ED7CC22358D4B00B1B94B /* res */ = {
			isa = PBXGroup;
			children = (
				BD34B8BC24082F6F0017F714 /* New Group */,
				C6DC127E2252F7C6002E5A09 /* cruiser */,
				C63ED1A522D9BA5F00BEB811 /* sphere.obj */,
				C60ED7CD22358D6100B1B94B /* PartyPirateParot.png */,
			);
			path = res;
			sourceTree = "<group>";
		};
		C67E621D21EBE61300BE16ED /* maths */ = {
			isa = PBXGroup;
			children = (
				C68F50DD221CD09C0091E35F /* Math.swift */,
			);
			path = maths;
			sourceTree = "<group>";
		};
		C6DC127E2252F7C6002E5A09 /* cruiser */ = {
			isa = PBXGroup;
			children = (
				C6DC12802252F7D3002E5A09 /* cruiser.bmp */,
				C6DC12812252F7D3002E5A09 /* cruiser.mtl */,
				C6DC127F2252F7D3002E5A09 /* cruiser.obj */,
			);
			path = cruiser;
			sourceTree = "<group>";
		};
		EB3FC4D820D6E77500CADFD8 /* Input */ = {
			isa = PBXGroup;
			children = (
				EB3FC4D920D6E78500CADFD8 /* Keyboard.swift */,
				EB3FC4DB20D6E80A00CADFD8 /* KeyCodes.swift */,
				EB3FC4DD20D6E98A00CADFD8 /* Mouse.swift */,
			);
			path = Input;
			sourceTree = "<group>";
		};
		EB6A608920F2796800454ED9 /* cameras */ = {
			isa = PBXGroup;
			children = (
				EB6A608A20F2797F00454ED9 /* Camera.swift */,
				EB6A608C20F27A5200454ED9 /* DebugCamera.swift */,
			);
			path = cameras;
			sourceTree = "<group>";
		};
		EBB8610820CF32F8004D5AAD /* scenes */ = {
			isa = PBXGroup;
			children = (
				EBB8610920CF3309004D5AAD /* Scene.swift */,
				EBB8610B20CF342C004D5AAD /* SandboxScene.swift */,
			);
			path = scenes;
			sourceTree = "<group>";
		};
		EBB8610D20CF3511004D5AAD /* Managers */ = {
			isa = PBXGroup;
			children = (
				EBB8610E20CF3524004D5AAD /* SceneManager.swift */,
				EB6A608E20F27C8F00454ED9 /* CameraManager.swift */,
				C6F0A39E229391AF001E5878 /* LightManager.swift */,
			);
			path = Managers;
			sourceTree = "<group>";
		};
		EBD9AE31214D7EE60080DE26 /* utils */ = {
			isa = PBXGroup;
			children = (
				EBD9AE32214D7EF40080DE26 /* ColorUtil.swift */,
			);
			path = utils;
			sourceTree = "<group>";
		};
/* End PBXGroup section */

/* Begin PBXNativeTarget section */
		1C0208C4206D575700EFC375 /* Game Engine */ = {
			isa = PBXNativeTarget;
			buildConfigurationList = 1C0208EE206D575700EFC375 /* Build configuration list for PBXNativeTarget "Game Engine" */;
			buildPhases = (
				1C0208C1206D575700EFC375 /* Sources */,
				1C0208C2206D575700EFC375 /* Frameworks */,
				1C0208C3206D575700EFC375 /* Resources */,
			);
			buildRules = (
			);
			dependencies = (
			);
			name = "Game Engine";
			productName = "Game Engine";
			productReference = 1C0208C5206D575700EFC375 /* Game Engine.app */;
			productType = "com.apple.product-type.application";
		};
		1C0208D9206D575700EFC375 /* Game EngineTests */ = {
			isa = PBXNativeTarget;
			buildConfigurationList = 1C0208F1206D575700EFC375 /* Build configuration list for PBXNativeTarget "Game EngineTests" */;
			buildPhases = (
				1C0208D6206D575700EFC375 /* Sources */,
				1C0208D7206D575700EFC375 /* Frameworks */,
				1C0208D8206D575700EFC375 /* Resources */,
			);
			buildRules = (
			);
			dependencies = (
				1C0208DC206D575700EFC375 /* PBXTargetDependency */,
			);
			name = "Game EngineTests";
			productName = "Game EngineTests";
			productReference = 1C0208DA206D575700EFC375 /* Game EngineTests.xctest */;
			productType = "com.apple.product-type.bundle.unit-test";
		};
		1C0208E4206D575700EFC375 /* Game EngineUITests */ = {
			isa = PBXNativeTarget;
			buildConfigurationList = 1C0208F4206D575700EFC375 /* Build configuration list for PBXNativeTarget "Game EngineUITests" */;
			buildPhases = (
				1C0208E1206D575700EFC375 /* Sources */,
				1C0208E2206D575700EFC375 /* Frameworks */,
				1C0208E3206D575700EFC375 /* Resources */,
			);
			buildRules = (
			);
			dependencies = (
				1C0208E7206D575700EFC375 /* PBXTargetDependency */,
			);
			name = "Game EngineUITests";
			productName = "Game EngineUITests";
			productReference = 1C0208E5206D575700EFC375 /* Game EngineUITests.xctest */;
			productType = "com.apple.product-type.bundle.ui-testing";
		};
/* End PBXNativeTarget section */

/* Begin PBXProject section */
		1C0208BD206D575700EFC375 /* Project object */ = {
			isa = PBXProject;
			attributes = {
				LastSwiftUpdateCheck = 0920;
				LastUpgradeCheck = 1120;
				ORGANIZATIONNAME = TwohysTuts;
				TargetAttributes = {
					1C0208C4206D575700EFC375 = {
						CreatedOnToolsVersion = 9.2;
						LastSwiftMigration = 1020;
						ProvisioningStyle = Automatic;
					};
					1C0208D9206D575700EFC375 = {
						CreatedOnToolsVersion = 9.2;
						LastSwiftMigration = 1020;
						ProvisioningStyle = Automatic;
						TestTargetID = 1C0208C4206D575700EFC375;
					};
					1C0208E4206D575700EFC375 = {
						CreatedOnToolsVersion = 9.2;
						LastSwiftMigration = 1020;
						ProvisioningStyle = Automatic;
						TestTargetID = 1C0208C4206D575700EFC375;
					};
				};
			};
			buildConfigurationList = 1C0208C0206D575700EFC375 /* Build configuration list for PBXProject "Game Engine" */;
			compatibilityVersion = "Xcode 8.0";
			developmentRegion = en;
			hasScannedForEncodings = 0;
			knownRegions = (
				en,
				Base,
			);
			mainGroup = 1C0208BC206D575700EFC375;
			productRefGroup = 1C0208C6206D575700EFC375 /* Products */;
			projectDirPath = "";
			projectRoot = "";
			targets = (
				1C0208C4206D575700EFC375 /* Game Engine */,
				1C0208D9206D575700EFC375 /* Game EngineTests */,
				1C0208E4206D575700EFC375 /* Game EngineUITests */,
			);
		};
/* End PBXProject section */

/* Begin PBXResourcesBuildPhase section */
		1C0208C3206D575700EFC375 /* Resources */ = {
			isa = PBXResourcesBuildPhase;
			buildActionMask = 2147483647;
			files = (
				C63ED1A622D9BA5F00BEB811 /* sphere.obj in Resources */,
				1C0208D0206D575700EFC375 /* Assets.xcassets in Resources */,
				C6DC12822252F7D3002E5A09 /* cruiser.obj in Resources */,
				1C0208D3206D575700EFC375 /* Main.storyboard in Resources */,
				C60ED7CE22358D6100B1B94B /* PartyPirateParot.png in Resources */,
				C6DC12832252F7D3002E5A09 /* cruiser.bmp in Resources */,
				C6DC12842252F7D4002E5A09 /* cruiser.mtl in Resources */,
			);
			runOnlyForDeploymentPostprocessing = 0;
		};
		1C0208D8206D575700EFC375 /* Resources */ = {
			isa = PBXResourcesBuildPhase;
			buildActionMask = 2147483647;
			files = (
			);
			runOnlyForDeploymentPostprocessing = 0;
		};
		1C0208E3206D575700EFC375 /* Resources */ = {
			isa = PBXResourcesBuildPhase;
			buildActionMask = 2147483647;
			files = (
			);
			runOnlyForDeploymentPostprocessing = 0;
		};
/* End PBXResourcesBuildPhase section */

/* Begin PBXSourcesBuildPhase section */
		1C0208C1206D575700EFC375 /* Sources */ = {
			isa = PBXSourcesBuildPhase;
			buildActionMask = 2147483647;
			files = (
				C608C90C21EB11E000B58EC7 /* GameTime.swift in Sources */,
				1CADF5AA20B4DB770000F54C /* GameObject.swift in Sources */,
				1CADF5AF20B4DBB40000F54C /* Renderable.swift in Sources */,
				C608C91F21EB1E8200B58EC7 /* Shared.metal in Sources */,
				EBD9AE33214D7EF40080DE26 /* ColorUtil.swift in Sources */,
				EBB8610A20CF3309004D5AAD /* Scene.swift in Sources */,
				C6A215342385B0AC003A003C /* Lighting.metal in Sources */,
				1CA84B372092AE7300465F6A /* VertexDescriptorLibrary.swift in Sources */,
				C6DC12862252FA92002E5A09 /* Cruiser.swift in Sources */,
				1C0208C9206D575700EFC375 /* AppDelegate.swift in Sources */,
				1C6E769120ACF8C6007F1DA5 /* MeshLibrary.swift in Sources */,
				EBB9061E2173BC5A003B8CD0 /* InstancedGameObject.swift in Sources */,
				EB6A608F20F27C8F00454ED9 /* CameraManager.swift in Sources */,
				C60ED7D022358EAD00B1B94B /* TextureLibrary.swift in Sources */,
				EB3FC4DE20D6E98A00CADFD8 /* Mouse.swift in Sources */,
				EB6A608D20F27A5200454ED9 /* DebugCamera.swift in Sources */,
				1CA84B332092AA2E00465F6A /* Preferences.swift in Sources */,
				EB7AA338212E56DA0076FC19 /* Cube.swift in Sources */,
				C68F50DE221CD09C0091E35F /* Math.swift in Sources */,
				1CDA5B7D209FE2EE00A924A1 /* Renderer.swift in Sources */,
				EB7AA33A212E57FF0076FC19 /* DepthStencilStateLibrary.swift in Sources */,
				EBB8610F20CF3524004D5AAD /* SceneManager.swift in Sources */,
				1CA84B312092A97500465F6A /* Engine.swift in Sources */,
				1C0208FB206D578100EFC375 /* GameView.swift in Sources */,
				EB3FC4DA20D6E78500CADFD8 /* Keyboard.swift in Sources */,
				1C0208FD206D579800EFC375 /* BasicShaders.metal in Sources */,
				1C6E769520ACFC75007F1DA5 /* Node.swift in Sources */,
				C60ED7D22235900C00B1B94B /* SamplerStateLibrary.swift in Sources */,
				C6F0A39D229390B9001E5878 /* LightObject.swift in Sources */,
				C608C91321EB131C00B58EC7 /* Entities.swift in Sources */,
				C608C90A21EB113500B58EC7 /* Quad.swift in Sources */,
				1C66A279208430880014D1E2 /* MetalTypes.swift in Sources */,
				C6F0A3A1229393C9001E5878 /* Sun.swift in Sources */,
				EB3FC4DC20D6E80A00CADFD8 /* KeyCodes.swift in Sources */,
				C608C92321EBB23500B58EC7 /* InstancedShaders.metal in Sources */,
				EBB906202173C211003B8CD0 /* CubeCollection.swift in Sources */,
				1C0208CE206D575700EFC375 /* Game_Engine.xcdatamodeld in Sources */,
				EB6A608B20F2797F00454ED9 /* Camera.swift in Sources */,
				C608C91521EB134800B58EC7 /* Library.swift in Sources */,
				C608C91121EB12BC00B58EC7 /* Graphics.swift in Sources */,
				1CADF5AC20B4DB800000F54C /* Pointer.swift in Sources */,
				EBB8610C20CF342C004D5AAD /* SandboxScene.swift in Sources */,
				C608C91921EB152600B58EC7 /* ShaderLibrary.swift in Sources */,
				C6F0A39F229391AF001E5878 /* LightManager.swift in Sources */,
				1CA84B3B2092B1D000465F6A /* RenderPipelineStateLibrary.swift in Sources */,
			);
			runOnlyForDeploymentPostprocessing = 0;
		};
		1C0208D6206D575700EFC375 /* Sources */ = {
			isa = PBXSourcesBuildPhase;
			buildActionMask = 2147483647;
			files = (
				1C0208DF206D575700EFC375 /* Game_EngineTests.swift in Sources */,
			);
			runOnlyForDeploymentPostprocessing = 0;
		};
		1C0208E1206D575700EFC375 /* Sources */ = {
			isa = PBXSourcesBuildPhase;
			buildActionMask = 2147483647;
			files = (
				1C0208EA206D575700EFC375 /* Game_EngineUITests.swift in Sources */,
			);
			runOnlyForDeploymentPostprocessing = 0;
		};
/* End PBXSourcesBuildPhase section */

/* Begin PBXTargetDependency section */
		1C0208DC206D575700EFC375 /* PBXTargetDependency */ = {
			isa = PBXTargetDependency;
			target = 1C0208C4206D575700EFC375 /* Game Engine */;
			targetProxy = 1C0208DB206D575700EFC375 /* PBXContainerItemProxy */;
		};
		1C0208E7206D575700EFC375 /* PBXTargetDependency */ = {
			isa = PBXTargetDependency;
			target = 1C0208C4206D575700EFC375 /* Game Engine */;
			targetProxy = 1C0208E6206D575700EFC375 /* PBXContainerItemProxy */;
		};
/* End PBXTargetDependency section */

/* Begin PBXVariantGroup section */
		1C0208D1206D575700EFC375 /* Main.storyboard */ = {
			isa = PBXVariantGroup;
			children = (
				1C0208D2206D575700EFC375 /* Base */,
			);
			name = Main.storyboard;
			sourceTree = "<group>";
		};
/* End PBXVariantGroup section */

/* Begin XCBuildConfiguration section */
		1C0208EC206D575700EFC375 /* Debug */ = {
			isa = XCBuildConfiguration;
			buildSettings = {
				ALWAYS_SEARCH_USER_PATHS = NO;
				CLANG_ANALYZER_NONNULL = YES;
				CLANG_ANALYZER_NUMBER_OBJECT_CONVERSION = YES_AGGRESSIVE;
				CLANG_CXX_LANGUAGE_STANDARD = "gnu++14";
				CLANG_CXX_LIBRARY = "libc++";
				CLANG_ENABLE_MODULES = YES;
				CLANG_ENABLE_OBJC_ARC = YES;
				CLANG_WARN_BLOCK_CAPTURE_AUTORELEASING = YES;
				CLANG_WARN_BOOL_CONVERSION = YES;
				CLANG_WARN_COMMA = YES;
				CLANG_WARN_CONSTANT_CONVERSION = YES;
				CLANG_WARN_DEPRECATED_OBJC_IMPLEMENTATIONS = YES;
				CLANG_WARN_DIRECT_OBJC_ISA_USAGE = YES_ERROR;
				CLANG_WARN_DOCUMENTATION_COMMENTS = YES;
				CLANG_WARN_EMPTY_BODY = YES;
				CLANG_WARN_ENUM_CONVERSION = YES;
				CLANG_WARN_INFINITE_RECURSION = YES;
				CLANG_WARN_INT_CONVERSION = YES;
				CLANG_WARN_NON_LITERAL_NULL_CONVERSION = YES;
				CLANG_WARN_OBJC_IMPLICIT_RETAIN_SELF = YES;
				CLANG_WARN_OBJC_LITERAL_CONVERSION = YES;
				CLANG_WARN_OBJC_ROOT_CLASS = YES_ERROR;
				CLANG_WARN_RANGE_LOOP_ANALYSIS = YES;
				CLANG_WARN_STRICT_PROTOTYPES = YES;
				CLANG_WARN_SUSPICIOUS_MOVE = YES;
				CLANG_WARN_UNGUARDED_AVAILABILITY = YES_AGGRESSIVE;
				CLANG_WARN_UNREACHABLE_CODE = YES;
				CLANG_WARN__DUPLICATE_METHOD_MATCH = YES;
				CODE_SIGN_IDENTITY = "Mac Developer";
				COPY_PHASE_STRIP = NO;
				DEBUG_INFORMATION_FORMAT = dwarf;
				ENABLE_STRICT_OBJC_MSGSEND = YES;
				ENABLE_TESTABILITY = YES;
				GCC_C_LANGUAGE_STANDARD = gnu11;
				GCC_DYNAMIC_NO_PIC = NO;
				GCC_NO_COMMON_BLOCKS = YES;
				GCC_OPTIMIZATION_LEVEL = 0;
				GCC_PREPROCESSOR_DEFINITIONS = (
					"DEBUG=1",
					"$(inherited)",
				);
				GCC_WARN_64_TO_32_BIT_CONVERSION = YES;
				GCC_WARN_ABOUT_RETURN_TYPE = YES_ERROR;
				GCC_WARN_UNDECLARED_SELECTOR = YES;
				GCC_WARN_UNINITIALIZED_AUTOS = YES_AGGRESSIVE;
				GCC_WARN_UNUSED_FUNCTION = YES;
				GCC_WARN_UNUSED_VARIABLE = YES;
				MACOSX_DEPLOYMENT_TARGET = 10.13;
				MTL_ENABLE_DEBUG_INFO = YES;
				ONLY_ACTIVE_ARCH = YES;
				SDKROOT = macosx;
				SWIFT_ACTIVE_COMPILATION_CONDITIONS = DEBUG;
				SWIFT_OPTIMIZATION_LEVEL = "-Onone";
			};
			name = Debug;
		};
		1C0208ED206D575700EFC375 /* Release */ = {
			isa = XCBuildConfiguration;
			buildSettings = {
				ALWAYS_SEARCH_USER_PATHS = NO;
				CLANG_ANALYZER_NONNULL = YES;
				CLANG_ANALYZER_NUMBER_OBJECT_CONVERSION = YES_AGGRESSIVE;
				CLANG_CXX_LANGUAGE_STANDARD = "gnu++14";
				CLANG_CXX_LIBRARY = "libc++";
				CLANG_ENABLE_MODULES = YES;
				CLANG_ENABLE_OBJC_ARC = YES;
				CLANG_WARN_BLOCK_CAPTURE_AUTORELEASING = YES;
				CLANG_WARN_BOOL_CONVERSION = YES;
				CLANG_WARN_COMMA = YES;
				CLANG_WARN_CONSTANT_CONVERSION = YES;
				CLANG_WARN_DEPRECATED_OBJC_IMPLEMENTATIONS = YES;
				CLANG_WARN_DIRECT_OBJC_ISA_USAGE = YES_ERROR;
				CLANG_WARN_DOCUMENTATION_COMMENTS = YES;
				CLANG_WARN_EMPTY_BODY = YES;
				CLANG_WARN_ENUM_CONVERSION = YES;
				CLANG_WARN_INFINITE_RECURSION = YES;
				CLANG_WARN_INT_CONVERSION = YES;
				CLANG_WARN_NON_LITERAL_NULL_CONVERSION = YES;
				CLANG_WARN_OBJC_IMPLICIT_RETAIN_SELF = YES;
				CLANG_WARN_OBJC_LITERAL_CONVERSION = YES;
				CLANG_WARN_OBJC_ROOT_CLASS = YES_ERROR;
				CLANG_WARN_RANGE_LOOP_ANALYSIS = YES;
				CLANG_WARN_STRICT_PROTOTYPES = YES;
				CLANG_WARN_SUSPICIOUS_MOVE = YES;
				CLANG_WARN_UNGUARDED_AVAILABILITY = YES_AGGRESSIVE;
				CLANG_WARN_UNREACHABLE_CODE = YES;
				CLANG_WARN__DUPLICATE_METHOD_MATCH = YES;
				CODE_SIGN_IDENTITY = "Mac Developer";
				COPY_PHASE_STRIP = NO;
				DEBUG_INFORMATION_FORMAT = "dwarf-with-dsym";
				ENABLE_NS_ASSERTIONS = NO;
				ENABLE_STRICT_OBJC_MSGSEND = YES;
				GCC_C_LANGUAGE_STANDARD = gnu11;
				GCC_NO_COMMON_BLOCKS = YES;
				GCC_WARN_64_TO_32_BIT_CONVERSION = YES;
				GCC_WARN_ABOUT_RETURN_TYPE = YES_ERROR;
				GCC_WARN_UNDECLARED_SELECTOR = YES;
				GCC_WARN_UNINITIALIZED_AUTOS = YES_AGGRESSIVE;
				GCC_WARN_UNUSED_FUNCTION = YES;
				GCC_WARN_UNUSED_VARIABLE = YES;
				MACOSX_DEPLOYMENT_TARGET = 10.13;
				MTL_ENABLE_DEBUG_INFO = NO;
				SDKROOT = macosx;
				SWIFT_OPTIMIZATION_LEVEL = "-Owholemodule";
			};
			name = Release;
		};
		1C0208EF206D575700EFC375 /* Debug */ = {
			isa = XCBuildConfiguration;
			buildSettings = {
				ASSETCATALOG_COMPILER_APPICON_NAME = AppIcon;
				CODE_SIGN_ENTITLEMENTS = "Game Engine/Other Files/Game_Engine.entitlements";
				CODE_SIGN_IDENTITY = "-";
				CODE_SIGN_STYLE = Automatic;
				COMBINE_HIDPI_IMAGES = YES;
				DEVELOPMENT_TEAM = 9QQ2JZFGTQ;
				INFOPLIST_FILE = "$(SRCROOT)/Game Engine/Other FIles/Info.plist";
				LD_RUNPATH_SEARCH_PATHS = "$(inherited) @executable_path/../Frameworks";
				PRODUCT_BUNDLE_IDENTIFIER = "net.ricktwohy.Game-Engine";
				PRODUCT_NAME = "$(TARGET_NAME)";
				SWIFT_VERSION = 5.0;
			};
			name = Debug;
		};
		1C0208F0206D575700EFC375 /* Release */ = {
			isa = XCBuildConfiguration;
			buildSettings = {
				ASSETCATALOG_COMPILER_APPICON_NAME = AppIcon;
				CODE_SIGN_ENTITLEMENTS = "Game Engine/Other Files/Game_Engine.entitlements";
				CODE_SIGN_IDENTITY = "-";
				CODE_SIGN_STYLE = Automatic;
				COMBINE_HIDPI_IMAGES = YES;
				DEVELOPMENT_TEAM = 9QQ2JZFGTQ;
				INFOPLIST_FILE = "$(SRCROOT)/Game Engine/Other FIles/Info.plist";
				LD_RUNPATH_SEARCH_PATHS = "$(inherited) @executable_path/../Frameworks";
				PRODUCT_BUNDLE_IDENTIFIER = "net.ricktwohy.Game-Engine";
				PRODUCT_NAME = "$(TARGET_NAME)";
				SWIFT_VERSION = 5.0;
			};
			name = Release;
		};
		1C0208F2206D575700EFC375 /* Debug */ = {
			isa = XCBuildConfiguration;
			buildSettings = {
				ALWAYS_EMBED_SWIFT_STANDARD_LIBRARIES = YES;
				BUNDLE_LOADER = "$(TEST_HOST)";
				CODE_SIGN_STYLE = Automatic;
				COMBINE_HIDPI_IMAGES = YES;
				DEVELOPMENT_TEAM = 9QQ2JZFGTQ;
				INFOPLIST_FILE = "Game EngineTests/Info.plist";
				LD_RUNPATH_SEARCH_PATHS = "$(inherited) @executable_path/../Frameworks @loader_path/../Frameworks";
				PRODUCT_BUNDLE_IDENTIFIER = "net.ricktwohy.Game-EngineTests";
				PRODUCT_NAME = "$(TARGET_NAME)";
				SWIFT_VERSION = 5.0;
				TEST_HOST = "$(BUILT_PRODUCTS_DIR)/Game Engine.app/Contents/MacOS/Game Engine";
			};
			name = Debug;
		};
		1C0208F3206D575700EFC375 /* Release */ = {
			isa = XCBuildConfiguration;
			buildSettings = {
				ALWAYS_EMBED_SWIFT_STANDARD_LIBRARIES = YES;
				BUNDLE_LOADER = "$(TEST_HOST)";
				CODE_SIGN_STYLE = Automatic;
				COMBINE_HIDPI_IMAGES = YES;
				DEVELOPMENT_TEAM = 9QQ2JZFGTQ;
				INFOPLIST_FILE = "Game EngineTests/Info.plist";
				LD_RUNPATH_SEARCH_PATHS = "$(inherited) @executable_path/../Frameworks @loader_path/../Frameworks";
				PRODUCT_BUNDLE_IDENTIFIER = "net.ricktwohy.Game-EngineTests";
				PRODUCT_NAME = "$(TARGET_NAME)";
				SWIFT_VERSION = 5.0;
				TEST_HOST = "$(BUILT_PRODUCTS_DIR)/Game Engine.app/Contents/MacOS/Game Engine";
			};
			name = Release;
		};
		1C0208F5206D575700EFC375 /* Debug */ = {
			isa = XCBuildConfiguration;
			buildSettings = {
				ALWAYS_EMBED_SWIFT_STANDARD_LIBRARIES = YES;
				CODE_SIGN_STYLE = Automatic;
				COMBINE_HIDPI_IMAGES = YES;
				DEVELOPMENT_TEAM = 9QQ2JZFGTQ;
				INFOPLIST_FILE = "Game EngineUITests/Info.plist";
				LD_RUNPATH_SEARCH_PATHS = "$(inherited) @executable_path/../Frameworks @loader_path/../Frameworks";
				PRODUCT_BUNDLE_IDENTIFIER = "net.ricktwohy.Game-EngineUITests";
				PRODUCT_NAME = "$(TARGET_NAME)";
				SWIFT_VERSION = 5.0;
				TEST_TARGET_NAME = "Game Engine";
			};
			name = Debug;
		};
		1C0208F6206D575700EFC375 /* Release */ = {
			isa = XCBuildConfiguration;
			buildSettings = {
				ALWAYS_EMBED_SWIFT_STANDARD_LIBRARIES = YES;
				CODE_SIGN_STYLE = Automatic;
				COMBINE_HIDPI_IMAGES = YES;
				DEVELOPMENT_TEAM = 9QQ2JZFGTQ;
				INFOPLIST_FILE = "Game EngineUITests/Info.plist";
				LD_RUNPATH_SEARCH_PATHS = "$(inherited) @executable_path/../Frameworks @loader_path/../Frameworks";
				PRODUCT_BUNDLE_IDENTIFIER = "net.ricktwohy.Game-EngineUITests";
				PRODUCT_NAME = "$(TARGET_NAME)";
				SWIFT_VERSION = 5.0;
				TEST_TARGET_NAME = "Game Engine";
			};
			name = Release;
		};
/* End XCBuildConfiguration section */

/* Begin XCConfigurationList section */
		1C0208C0206D575700EFC375 /* Build configuration list for PBXProject "Game Engine" */ = {
			isa = XCConfigurationList;
			buildConfigurations = (
				1C0208EC206D575700EFC375 /* Debug */,
				1C0208ED206D575700EFC375 /* Release */,
			);
			defaultConfigurationIsVisible = 0;
			defaultConfigurationName = Release;
		};
		1C0208EE206D575700EFC375 /* Build configuration list for PBXNativeTarget "Game Engine" */ = {
			isa = XCConfigurationList;
			buildConfigurations = (
				1C0208EF206D575700EFC375 /* Debug */,
				1C0208F0206D575700EFC375 /* Release */,
			);
			defaultConfigurationIsVisible = 0;
			defaultConfigurationName = Release;
		};
		1C0208F1206D575700EFC375 /* Build configuration list for PBXNativeTarget "Game EngineTests" */ = {
			isa = XCConfigurationList;
			buildConfigurations = (
				1C0208F2206D575700EFC375 /* Debug */,
				1C0208F3206D575700EFC375 /* Release */,
			);
			defaultConfigurationIsVisible = 0;
			defaultConfigurationName = Release;
		};
		1C0208F4206D575700EFC375 /* Build configuration list for PBXNativeTarget "Game EngineUITests" */ = {
			isa = XCConfigurationList;
			buildConfigurations = (
				1C0208F5206D575700EFC375 /* Debug */,
				1C0208F6206D575700EFC375 /* Release */,
			);
			defaultConfigurationIsVisible = 0;
			defaultConfigurationName = Release;
		};
/* End XCConfigurationList section */

/* Begin XCVersionGroup section */
		1C0208CC206D575700EFC375 /* Game_Engine.xcdatamodeld */ = {
			isa = XCVersionGroup;
			children = (
				1C0208CD206D575700EFC375 /* Game_Engine.xcdatamodel */,
			);
			currentVersion = 1C0208CD206D575700EFC375 /* Game_Engine.xcdatamodel */;
			path = Game_Engine.xcdatamodeld;
			sourceTree = "<group>";
			versionGroupType = wrapper.xcdatamodel;
		};
/* End XCVersionGroup section */
	};
	rootObject = 1C0208BD206D575700EFC375 /* Project object */;
}
