// !$*UTF8*$!
{
	archiveVersion = 1;
	classes = {
	};
	objectVersion = 50;
	objects = {

/* Begin PBXBuildFile section */
		1C1DFE9A209C22A400114773 /* Maths.swift in Sources */ = {isa = PBXBuildFile; fileRef = 1C1DFE99209C22A400114773 /* Maths.swift */; };
		1C4E096E209B7410007993F7 /* AppDelegate.swift in Sources */ = {isa = PBXBuildFile; fileRef = 1C4E096D209B7410007993F7 /* AppDelegate.swift */; };
		1C4E0972209B7411007993F7 /* Assets.xcassets in Resources */ = {isa = PBXBuildFile; fileRef = 1C4E0971209B7411007993F7 /* Assets.xcassets */; };
		1C4E0975209B7411007993F7 /* Main.storyboard in Resources */ = {isa = PBXBuildFile; fileRef = 1C4E0973209B7411007993F7 /* Main.storyboard */; };
		1C4E0981209B7411007993F7 /* ComputeDotsTests.swift in Sources */ = {isa = PBXBuildFile; fileRef = 1C4E0980209B7411007993F7 /* ComputeDotsTests.swift */; };
		1C4E098C209B7411007993F7 /* ComputeDotsUITests.swift in Sources */ = {isa = PBXBuildFile; fileRef = 1C4E098B209B7411007993F7 /* ComputeDotsUITests.swift */; };
		1C4E099C209B74EC007993F7 /* MainView.swift in Sources */ = {isa = PBXBuildFile; fileRef = 1C4E099B209B74EC007993F7 /* MainView.swift */; };
		1C4E099F209B7568007993F7 /* Shaders.metal in Sources */ = {isa = PBXBuildFile; fileRef = 1C4E099E209B7568007993F7 /* Shaders.metal */; };
/* End PBXBuildFile section */

/* Begin PBXContainerItemProxy section */
		1C4E097D209B7411007993F7 /* PBXContainerItemProxy */ = {
			isa = PBXContainerItemProxy;
			containerPortal = 1C4E0962209B7410007993F7 /* Project object */;
			proxyType = 1;
			remoteGlobalIDString = 1C4E0969209B7410007993F7;
			remoteInfo = ComputeDots;
		};
		1C4E0988209B7411007993F7 /* PBXContainerItemProxy */ = {
			isa = PBXContainerItemProxy;
			containerPortal = 1C4E0962209B7410007993F7 /* Project object */;
			proxyType = 1;
			remoteGlobalIDString = 1C4E0969209B7410007993F7;
			remoteInfo = ComputeDots;
		};
/* End PBXContainerItemProxy section */

/* Begin PBXFileReference section */
		1C1DFE99209C22A400114773 /* Maths.swift */ = {isa = PBXFileReference; lastKnownFileType = sourcecode.swift; path = Maths.swift; sourceTree = "<group>"; };
		1C4E096A209B7410007993F7 /* ComputeDots.app */ = {isa = PBXFileReference; explicitFileType = wrapper.application; includeInIndex = 0; path = ComputeDots.app; sourceTree = BUILT_PRODUCTS_DIR; };
		1C4E096D209B7410007993F7 /* AppDelegate.swift */ = {isa = PBXFileReference; lastKnownFileType = sourcecode.swift; path = AppDelegate.swift; sourceTree = "<group>"; };
		1C4E0971209B7411007993F7 /* Assets.xcassets */ = {isa = PBXFileReference; lastKnownFileType = folder.assetcatalog; path = Assets.xcassets; sourceTree = "<group>"; };
		1C4E0974209B7411007993F7 /* Base */ = {isa = PBXFileReference; lastKnownFileType = file.storyboard; name = Base; path = Base.lproj/Main.storyboard; sourceTree = "<group>"; };
		1C4E0976209B7411007993F7 /* Info.plist */ = {isa = PBXFileReference; lastKnownFileType = text.plist.xml; path = Info.plist; sourceTree = "<group>"; };
		1C4E0977209B7411007993F7 /* ComputeDots.entitlements */ = {isa = PBXFileReference; lastKnownFileType = text.plist.entitlements; path = ComputeDots.entitlements; sourceTree = "<group>"; };
		1C4E097C209B7411007993F7 /* ComputeDotsTests.xctest */ = {isa = PBXFileReference; explicitFileType = wrapper.cfbundle; includeInIndex = 0; path = ComputeDotsTests.xctest; sourceTree = BUILT_PRODUCTS_DIR; };
		1C4E0980209B7411007993F7 /* ComputeDotsTests.swift */ = {isa = PBXFileReference; lastKnownFileType = sourcecode.swift; path = ComputeDotsTests.swift; sourceTree = "<group>"; };
		1C4E0982209B7411007993F7 /* Info.plist */ = {isa = PBXFileReference; lastKnownFileType = text.plist.xml; path = Info.plist; sourceTree = "<group>"; };
		1C4E0987209B7411007993F7 /* ComputeDotsUITests.xctest */ = {isa = PBXFileReference; explicitFileType = wrapper.cfbundle; includeInIndex = 0; path = ComputeDotsUITests.xctest; sourceTree = BUILT_PRODUCTS_DIR; };
		1C4E098B209B7411007993F7 /* ComputeDotsUITests.swift */ = {isa = PBXFileReference; lastKnownFileType = sourcecode.swift; path = ComputeDotsUITests.swift; sourceTree = "<group>"; };
		1C4E098D209B7411007993F7 /* Info.plist */ = {isa = PBXFileReference; lastKnownFileType = text.plist.xml; path = Info.plist; sourceTree = "<group>"; };
		1C4E099B209B74EC007993F7 /* MainView.swift */ = {isa = PBXFileReference; lastKnownFileType = sourcecode.swift; path = MainView.swift; sourceTree = "<group>"; };
		1C4E099E209B7568007993F7 /* Shaders.metal */ = {isa = PBXFileReference; lastKnownFileType = sourcecode.metal; path = Shaders.metal; sourceTree = "<group>"; };
/* End PBXFileReference section */

/* Begin PBXFrameworksBuildPhase section */
		1C4E0967209B7410007993F7 /* Frameworks */ = {
			isa = PBXFrameworksBuildPhase;
			buildActionMask = 2147483647;
			files = (
			);
			runOnlyForDeploymentPostprocessing = 0;
		};
		1C4E0979209B7411007993F7 /* Frameworks */ = {
			isa = PBXFrameworksBuildPhase;
			buildActionMask = 2147483647;
			files = (
			);
			runOnlyForDeploymentPostprocessing = 0;
		};
		1C4E0984209B7411007993F7 /* Frameworks */ = {
			isa = PBXFrameworksBuildPhase;
			buildActionMask = 2147483647;
			files = (
			);
			runOnlyForDeploymentPostprocessing = 0;
		};
/* End PBXFrameworksBuildPhase section */

/* Begin PBXGroup section */
		1C4E0961209B7410007993F7 = {
			isa = PBXGroup;
			children = (
				1C4E096C209B7410007993F7 /* ComputeDots */,
				1C4E097F209B7411007993F7 /* ComputeDotsTests */,
				1C4E098A209B7411007993F7 /* ComputeDotsUITests */,
				1C4E096B209B7410007993F7 /* Products */,
			);
			sourceTree = "<group>";
		};
		1C4E096B209B7410007993F7 /* Products */ = {
			isa = PBXGroup;
			children = (
				1C4E096A209B7410007993F7 /* ComputeDots.app */,
				1C4E097C209B7411007993F7 /* ComputeDotsTests.xctest */,
				1C4E0987209B7411007993F7 /* ComputeDotsUITests.xctest */,
			);
			name = Products;
			sourceTree = "<group>";
		};
		1C4E096C209B7410007993F7 /* ComputeDots */ = {
			isa = PBXGroup;
			children = (
				1C1DFE99209C22A400114773 /* Maths.swift */,
				1C4E099D209B7559007993F7 /* Shaders */,
				1C4E099A209B74A4007993F7 /* Display */,
				1C4E0999209B7488007993F7 /* Other Files */,
			);
			path = ComputeDots;
			sourceTree = "<group>";
		};
		1C4E097F209B7411007993F7 /* ComputeDotsTests */ = {
			isa = PBXGroup;
			children = (
				1C4E0980209B7411007993F7 /* ComputeDotsTests.swift */,
				1C4E0982209B7411007993F7 /* Info.plist */,
			);
			path = ComputeDotsTests;
			sourceTree = "<group>";
		};
		1C4E098A209B7411007993F7 /* ComputeDotsUITests */ = {
			isa = PBXGroup;
			children = (
				1C4E098B209B7411007993F7 /* ComputeDotsUITests.swift */,
				1C4E098D209B7411007993F7 /* Info.plist */,
			);
			path = ComputeDotsUITests;
			sourceTree = "<group>";
		};
		1C4E0999209B7488007993F7 /* Other Files */ = {
			isa = PBXGroup;
			children = (
				1C4E096D209B7410007993F7 /* AppDelegate.swift */,
				1C4E0971209B7411007993F7 /* Assets.xcassets */,
				1C4E0976209B7411007993F7 /* Info.plist */,
				1C4E0977209B7411007993F7 /* ComputeDots.entitlements */,
			);
			path = "Other Files";
			sourceTree = "<group>";
		};
		1C4E099A209B74A4007993F7 /* Display */ = {
			isa = PBXGroup;
			children = (
				1C4E0973209B7411007993F7 /* Main.storyboard */,
				1C4E099B209B74EC007993F7 /* MainView.swift */,
			);
			path = Display;
			sourceTree = "<group>";
		};
		1C4E099D209B7559007993F7 /* Shaders */ = {
			isa = PBXGroup;
			children = (
				1C4E099E209B7568007993F7 /* Shaders.metal */,
			);
			path = Shaders;
			sourceTree = "<group>";
		};
/* End PBXGroup section */

/* Begin PBXNativeTarget section */
		1C4E0969209B7410007993F7 /* ComputeDots */ = {
			isa = PBXNativeTarget;
			buildConfigurationList = 1C4E0990209B7411007993F7 /* Build configuration list for PBXNativeTarget "ComputeDots" */;
			buildPhases = (
				1C4E0966209B7410007993F7 /* Sources */,
				1C4E0967209B7410007993F7 /* Frameworks */,
				1C4E0968209B7410007993F7 /* Resources */,
			);
			buildRules = (
			);
			dependencies = (
			);
			name = ComputeDots;
			productName = ComputeDots;
			productReference = 1C4E096A209B7410007993F7 /* ComputeDots.app */;
			productType = "com.apple.product-type.application";
		};
		1C4E097B209B7411007993F7 /* ComputeDotsTests */ = {
			isa = PBXNativeTarget;
			buildConfigurationList = 1C4E0993209B7411007993F7 /* Build configuration list for PBXNativeTarget "ComputeDotsTests" */;
			buildPhases = (
				1C4E0978209B7411007993F7 /* Sources */,
				1C4E0979209B7411007993F7 /* Frameworks */,
				1C4E097A209B7411007993F7 /* Resources */,
			);
			buildRules = (
			);
			dependencies = (
				1C4E097E209B7411007993F7 /* PBXTargetDependency */,
			);
			name = ComputeDotsTests;
			productName = ComputeDotsTests;
			productReference = 1C4E097C209B7411007993F7 /* ComputeDotsTests.xctest */;
			productType = "com.apple.product-type.bundle.unit-test";
		};
		1C4E0986209B7411007993F7 /* ComputeDotsUITests */ = {
			isa = PBXNativeTarget;
			buildConfigurationList = 1C4E0996209B7411007993F7 /* Build configuration list for PBXNativeTarget "ComputeDotsUITests" */;
			buildPhases = (
				1C4E0983209B7411007993F7 /* Sources */,
				1C4E0984209B7411007993F7 /* Frameworks */,
				1C4E0985209B7411007993F7 /* Resources */,
			);
			buildRules = (
			);
			dependencies = (
				1C4E0989209B7411007993F7 /* PBXTargetDependency */,
			);
			name = ComputeDotsUITests;
			productName = ComputeDotsUITests;
			productReference = 1C4E0987209B7411007993F7 /* ComputeDotsUITests.xctest */;
			productType = "com.apple.product-type.bundle.ui-testing";
		};
/* End PBXNativeTarget section */

/* Begin PBXProject section */
		1C4E0962209B7410007993F7 /* Project object */ = {
			isa = PBXProject;
			attributes = {
				LastSwiftUpdateCheck = 0930;
				LastUpgradeCheck = 0930;
				ORGANIZATIONNAME = TwohysTuts;
				TargetAttributes = {
					1C4E0969209B7410007993F7 = {
						CreatedOnToolsVersion = 9.3;
					};
					1C4E097B209B7411007993F7 = {
						CreatedOnToolsVersion = 9.3;
						TestTargetID = 1C4E0969209B7410007993F7;
					};
					1C4E0986209B7411007993F7 = {
						CreatedOnToolsVersion = 9.3;
						TestTargetID = 1C4E0969209B7410007993F7;
					};
				};
			};
			buildConfigurationList = 1C4E0965209B7410007993F7 /* Build configuration list for PBXProject "ComputeDots" */;
			compatibilityVersion = "Xcode 9.3";
			developmentRegion = en;
			hasScannedForEncodings = 0;
			knownRegions = (
				en,
				Base,
			);
			mainGroup = 1C4E0961209B7410007993F7;
			productRefGroup = 1C4E096B209B7410007993F7 /* Products */;
			projectDirPath = "";
			projectRoot = "";
			targets = (
				1C4E0969209B7410007993F7 /* ComputeDots */,
				1C4E097B209B7411007993F7 /* ComputeDotsTests */,
				1C4E0986209B7411007993F7 /* ComputeDotsUITests */,
			);
		};
/* End PBXProject section */

/* Begin PBXResourcesBuildPhase section */
		1C4E0968209B7410007993F7 /* Resources */ = {
			isa = PBXResourcesBuildPhase;
			buildActionMask = 2147483647;
			files = (
				1C4E0972209B7411007993F7 /* Assets.xcassets in Resources */,
				1C4E0975209B7411007993F7 /* Main.storyboard in Resources */,
			);
			runOnlyForDeploymentPostprocessing = 0;
		};
		1C4E097A209B7411007993F7 /* Resources */ = {
			isa = PBXResourcesBuildPhase;
			buildActionMask = 2147483647;
			files = (
			);
			runOnlyForDeploymentPostprocessing = 0;
		};
		1C4E0985209B7411007993F7 /* Resources */ = {
			isa = PBXResourcesBuildPhase;
			buildActionMask = 2147483647;
			files = (
			);
			runOnlyForDeploymentPostprocessing = 0;
		};
/* End PBXResourcesBuildPhase section */

/* Begin PBXSourcesBuildPhase section */
		1C4E0966209B7410007993F7 /* Sources */ = {
			isa = PBXSourcesBuildPhase;
			buildActionMask = 2147483647;
			files = (
				1C4E096E209B7410007993F7 /* AppDelegate.swift in Sources */,
				1C4E099C209B74EC007993F7 /* MainView.swift in Sources */,
				1C4E099F209B7568007993F7 /* Shaders.metal in Sources */,
				1C1DFE9A209C22A400114773 /* Maths.swift in Sources */,
			);
			runOnlyForDeploymentPostprocessing = 0;
		};
		1C4E0978209B7411007993F7 /* Sources */ = {
			isa = PBXSourcesBuildPhase;
			buildActionMask = 2147483647;
			files = (
				1C4E0981209B7411007993F7 /* ComputeDotsTests.swift in Sources */,
			);
			runOnlyForDeploymentPostprocessing = 0;
		};
		1C4E0983209B7411007993F7 /* Sources */ = {
			isa = PBXSourcesBuildPhase;
			buildActionMask = 2147483647;
			files = (
				1C4E098C209B7411007993F7 /* ComputeDotsUITests.swift in Sources */,
			);
			runOnlyForDeploymentPostprocessing = 0;
		};
/* End PBXSourcesBuildPhase section */

/* Begin PBXTargetDependency section */
		1C4E097E209B7411007993F7 /* PBXTargetDependency */ = {
			isa = PBXTargetDependency;
			target = 1C4E0969209B7410007993F7 /* ComputeDots */;
			targetProxy = 1C4E097D209B7411007993F7 /* PBXContainerItemProxy */;
		};
		1C4E0989209B7411007993F7 /* PBXTargetDependency */ = {
			isa = PBXTargetDependency;
			target = 1C4E0969209B7410007993F7 /* ComputeDots */;
			targetProxy = 1C4E0988209B7411007993F7 /* PBXContainerItemProxy */;
		};
/* End PBXTargetDependency section */

/* Begin PBXVariantGroup section */
		1C4E0973209B7411007993F7 /* Main.storyboard */ = {
			isa = PBXVariantGroup;
			children = (
				1C4E0974209B7411007993F7 /* Base */,
			);
			name = Main.storyboard;
			sourceTree = "<group>";
		};
/* End PBXVariantGroup section */

/* Begin XCBuildConfiguration section */
		1C4E098E209B7411007993F7 /* Debug */ = {
			isa = XCBuildConfiguration;
			buildSettings = {
				ALWAYS_SEARCH_USER_PATHS = NO;
				CLANG_ANALYZER_NONNULL = YES;
				CLANG_ANALYZER_NUMBER_OBJECT_CONVERSION = YES_AGGRESSIVE;
				CLANG_CXX_LANGUAGE_STANDARD = "gnu++14";
				CLANG_CXX_LIBRARY = "libc++";
				CLANG_ENABLE_MODULES = YES;
				CLANG_ENABLE_OBJC_ARC = YES;
				CLANG_ENABLE_OBJC_WEAK = YES;
				CLANG_WARN_BLOCK_CAPTURE_AUTORELEASING = YES;
				CLANG_WARN_BOOL_CONVERSION = YES;
				CLANG_WARN_COMMA = YES;
				CLANG_WARN_CONSTANT_CONVERSION = YES;
				CLANG_WARN_DEPRECATED_OBJC_IMPLEMENTATIONS = YES;
				CLANG_WARN_DIRECT_OBJC_ISA_USAGE = YES_ERROR;
				CLANG_WARN_DOCUMENTATION_COMMENTS = YES;
				CLANG_WARN_EMPTY_BODY = YES;
				CLANG_WARN_ENUM_CONVERSION = YES;
				CLANG_WARN_INFINITE_RECURSION = YES;
				CLANG_WARN_INT_CONVERSION = YES;
				CLANG_WARN_NON_LITERAL_NULL_CONVERSION = YES;
				CLANG_WARN_OBJC_IMPLICIT_RETAIN_SELF = YES;
				CLANG_WARN_OBJC_LITERAL_CONVERSION = YES;
				CLANG_WARN_OBJC_ROOT_CLASS = YES_ERROR;
				CLANG_WARN_RANGE_LOOP_ANALYSIS = YES;
				CLANG_WARN_STRICT_PROTOTYPES = YES;
				CLANG_WARN_SUSPICIOUS_MOVE = YES;
				CLANG_WARN_UNGUARDED_AVAILABILITY = YES_AGGRESSIVE;
				CLANG_WARN_UNREACHABLE_CODE = YES;
				CLANG_WARN__DUPLICATE_METHOD_MATCH = YES;
				CODE_SIGN_IDENTITY = "Mac Developer";
				COPY_PHASE_STRIP = NO;
				DEBUG_INFORMATION_FORMAT = dwarf;
				ENABLE_STRICT_OBJC_MSGSEND = YES;
				ENABLE_TESTABILITY = YES;
				GCC_C_LANGUAGE_STANDARD = gnu11;
				GCC_DYNAMIC_NO_PIC = NO;
				GCC_NO_COMMON_BLOCKS = YES;
				GCC_OPTIMIZATION_LEVEL = 0;
				GCC_PREPROCESSOR_DEFINITIONS = (
					"DEBUG=1",
					"$(inherited)",
				);
				GCC_WARN_64_TO_32_BIT_CONVERSION = YES;
				GCC_WARN_ABOUT_RETURN_TYPE = YES_ERROR;
				GCC_WARN_UNDECLARED_SELECTOR = YES;
				GCC_WARN_UNINITIALIZED_AUTOS = YES_AGGRESSIVE;
				GCC_WARN_UNUSED_FUNCTION = YES;
				GCC_WARN_UNUSED_VARIABLE = YES;
				MACOSX_DEPLOYMENT_TARGET = 10.13;
				MTL_ENABLE_DEBUG_INFO = YES;
				ONLY_ACTIVE_ARCH = YES;
				SDKROOT = macosx;
				SWIFT_ACTIVE_COMPILATION_CONDITIONS = DEBUG;
				SWIFT_OPTIMIZATION_LEVEL = "-Onone";
			};
			name = Debug;
		};
		1C4E098F209B7411007993F7 /* Release */ = {
			isa = XCBuildConfiguration;
			buildSettings = {
				ALWAYS_SEARCH_USER_PATHS = NO;
				CLANG_ANALYZER_NONNULL = YES;
				CLANG_ANALYZER_NUMBER_OBJECT_CONVERSION = YES_AGGRESSIVE;
				CLANG_CXX_LANGUAGE_STANDARD = "gnu++14";
				CLANG_CXX_LIBRARY = "libc++";
				CLANG_ENABLE_MODULES = YES;
				CLANG_ENABLE_OBJC_ARC = YES;
				CLANG_ENABLE_OBJC_WEAK = YES;
				CLANG_WARN_BLOCK_CAPTURE_AUTORELEASING = YES;
				CLANG_WARN_BOOL_CONVERSION = YES;
				CLANG_WARN_COMMA = YES;
				CLANG_WARN_CONSTANT_CONVERSION = YES;
				CLANG_WARN_DEPRECATED_OBJC_IMPLEMENTATIONS = YES;
				CLANG_WARN_DIRECT_OBJC_ISA_USAGE = YES_ERROR;
				CLANG_WARN_DOCUMENTATION_COMMENTS = YES;
				CLANG_WARN_EMPTY_BODY = YES;
				CLANG_WARN_ENUM_CONVERSION = YES;
				CLANG_WARN_INFINITE_RECURSION = YES;
				CLANG_WARN_INT_CONVERSION = YES;
				CLANG_WARN_NON_LITERAL_NULL_CONVERSION = YES;
				CLANG_WARN_OBJC_IMPLICIT_RETAIN_SELF = YES;
				CLANG_WARN_OBJC_LITERAL_CONVERSION = YES;
				CLANG_WARN_OBJC_ROOT_CLASS = YES_ERROR;
				CLANG_WARN_RANGE_LOOP_ANALYSIS = YES;
				CLANG_WARN_STRICT_PROTOTYPES = YES;
				CLANG_WARN_SUSPICIOUS_MOVE = YES;
				CLANG_WARN_UNGUARDED_AVAILABILITY = YES_AGGRESSIVE;
				CLANG_WARN_UNREACHABLE_CODE = YES;
				CLANG_WARN__DUPLICATE_METHOD_MATCH = YES;
				CODE_SIGN_IDENTITY = "Mac Developer";
				COPY_PHASE_STRIP = NO;
				DEBUG_INFORMATION_FORMAT = "dwarf-with-dsym";
				ENABLE_NS_ASSERTIONS = NO;
				ENABLE_STRICT_OBJC_MSGSEND = YES;
				GCC_C_LANGUAGE_STANDARD = gnu11;
				GCC_NO_COMMON_BLOCKS = YES;
				GCC_WARN_64_TO_32_BIT_CONVERSION = YES;
				GCC_WARN_ABOUT_RETURN_TYPE = YES_ERROR;
				GCC_WARN_UNDECLARED_SELECTOR = YES;
				GCC_WARN_UNINITIALIZED_AUTOS = YES_AGGRESSIVE;
				GCC_WARN_UNUSED_FUNCTION = YES;
				GCC_WARN_UNUSED_VARIABLE = YES;
				MACOSX_DEPLOYMENT_TARGET = 10.13;
				MTL_ENABLE_DEBUG_INFO = NO;
				SDKROOT = macosx;
				SWIFT_COMPILATION_MODE = wholemodule;
				SWIFT_OPTIMIZATION_LEVEL = "-O";
			};
			name = Release;
		};
		1C4E0991209B7411007993F7 /* Debug */ = {
			isa = XCBuildConfiguration;
			buildSettings = {
				ASSETCATALOG_COMPILER_APPICON_NAME = AppIcon;
				CODE_SIGN_ENTITLEMENTS = "ComputeDots/Other Files/ComputeDots.entitlements";
				CODE_SIGN_STYLE = Automatic;
				COMBINE_HIDPI_IMAGES = YES;
				DEVELOPMENT_TEAM = 9QQ2JZFGTQ;
				INFOPLIST_FILE = "$(SRCROOT)/ComputeDots/Other Files/Info.plist";
				LD_RUNPATH_SEARCH_PATHS = (
					"$(inherited)",
					"@executable_path/../Frameworks",
				);
				PRODUCT_BUNDLE_IDENTIFIER = net.ricktwohy.ComputeDots;
				PRODUCT_NAME = "$(TARGET_NAME)";
				SWIFT_VERSION = 4.0;
			};
			name = Debug;
		};
		1C4E0992209B7411007993F7 /* Release */ = {
			isa = XCBuildConfiguration;
			buildSettings = {
				ASSETCATALOG_COMPILER_APPICON_NAME = AppIcon;
				CODE_SIGN_ENTITLEMENTS = "ComputeDots/Other Files/ComputeDots.entitlements";
				CODE_SIGN_STYLE = Automatic;
				COMBINE_HIDPI_IMAGES = YES;
				DEVELOPMENT_TEAM = 9QQ2JZFGTQ;
				INFOPLIST_FILE = "$(SRCROOT)/ComputeDots/Other Files/Info.plist";
				LD_RUNPATH_SEARCH_PATHS = (
					"$(inherited)",
					"@executable_path/../Frameworks",
				);
				PRODUCT_BUNDLE_IDENTIFIER = net.ricktwohy.ComputeDots;
				PRODUCT_NAME = "$(TARGET_NAME)";
				SWIFT_VERSION = 4.0;
			};
			name = Release;
		};
		1C4E0994209B7411007993F7 /* Debug */ = {
			isa = XCBuildConfiguration;
			buildSettings = {
				ALWAYS_EMBED_SWIFT_STANDARD_LIBRARIES = YES;
				BUNDLE_LOADER = "$(TEST_HOST)";
				CODE_SIGN_STYLE = Automatic;
				COMBINE_HIDPI_IMAGES = YES;
				DEVELOPMENT_TEAM = 9QQ2JZFGTQ;
				INFOPLIST_FILE = ComputeDotsTests/Info.plist;
				LD_RUNPATH_SEARCH_PATHS = (
					"$(inherited)",
					"@executable_path/../Frameworks",
					"@loader_path/../Frameworks",
				);
				PRODUCT_BUNDLE_IDENTIFIER = net.ricktwohy.ComputeDotsTests;
				PRODUCT_NAME = "$(TARGET_NAME)";
				SWIFT_VERSION = 4.0;
				TEST_HOST = "$(BUILT_PRODUCTS_DIR)/ComputeDots.app/Contents/MacOS/ComputeDots";
			};
			name = Debug;
		};
		1C4E0995209B7411007993F7 /* Release */ = {
			isa = XCBuildConfiguration;
			buildSettings = {
				ALWAYS_EMBED_SWIFT_STANDARD_LIBRARIES = YES;
				BUNDLE_LOADER = "$(TEST_HOST)";
				CODE_SIGN_STYLE = Automatic;
				COMBINE_HIDPI_IMAGES = YES;
				DEVELOPMENT_TEAM = 9QQ2JZFGTQ;
				INFOPLIST_FILE = ComputeDotsTests/Info.plist;
				LD_RUNPATH_SEARCH_PATHS = (
					"$(inherited)",
					"@executable_path/../Frameworks",
					"@loader_path/../Frameworks",
				);
				PRODUCT_BUNDLE_IDENTIFIER = net.ricktwohy.ComputeDotsTests;
				PRODUCT_NAME = "$(TARGET_NAME)";
				SWIFT_VERSION = 4.0;
				TEST_HOST = "$(BUILT_PRODUCTS_DIR)/ComputeDots.app/Contents/MacOS/ComputeDots";
			};
			name = Release;
		};
		1C4E0997209B7411007993F7 /* Debug */ = {
			isa = XCBuildConfiguration;
			buildSettings = {
				ALWAYS_EMBED_SWIFT_STANDARD_LIBRARIES = YES;
				CODE_SIGN_STYLE = Automatic;
				COMBINE_HIDPI_IMAGES = YES;
				DEVELOPMENT_TEAM = 9QQ2JZFGTQ;
				INFOPLIST_FILE = ComputeDotsUITests/Info.plist;
				LD_RUNPATH_SEARCH_PATHS = (
					"$(inherited)",
					"@executable_path/../Frameworks",
					"@loader_path/../Frameworks",
				);
				PRODUCT_BUNDLE_IDENTIFIER = net.ricktwohy.ComputeDotsUITests;
				PRODUCT_NAME = "$(TARGET_NAME)";
				SWIFT_VERSION = 4.0;
				TEST_TARGET_NAME = ComputeDots;
			};
			name = Debug;
		};
		1C4E0998209B7411007993F7 /* Release */ = {
			isa = XCBuildConfiguration;
			buildSettings = {
				ALWAYS_EMBED_SWIFT_STANDARD_LIBRARIES = YES;
				CODE_SIGN_STYLE = Automatic;
				COMBINE_HIDPI_IMAGES = YES;
				DEVELOPMENT_TEAM = 9QQ2JZFGTQ;
				INFOPLIST_FILE = ComputeDotsUITests/Info.plist;
				LD_RUNPATH_SEARCH_PATHS = (
					"$(inherited)",
					"@executable_path/../Frameworks",
					"@loader_path/../Frameworks",
				);
				PRODUCT_BUNDLE_IDENTIFIER = net.ricktwohy.ComputeDotsUITests;
				PRODUCT_NAME = "$(TARGET_NAME)";
				SWIFT_VERSION = 4.0;
				TEST_TARGET_NAME = ComputeDots;
			};
			name = Release;
		};
/* End XCBuildConfiguration section */

/* Begin XCConfigurationList section */
		1C4E0965209B7410007993F7 /* Build configuration list for PBXProject "ComputeDots" */ = {
			isa = XCConfigurationList;
			buildConfigurations = (
				1C4E098E209B7411007993F7 /* Debug */,
				1C4E098F209B7411007993F7 /* Release */,
			);
			defaultConfigurationIsVisible = 0;
			defaultConfigurationName = Release;
		};
		1C4E0990209B7411007993F7 /* Build configuration list for PBXNativeTarget "ComputeDots" */ = {
			isa = XCConfigurationList;
			buildConfigurations = (
				1C4E0991209B7411007993F7 /* Debug */,
				1C4E0992209B7411007993F7 /* Release */,
			);
			defaultConfigurationIsVisible = 0;
			defaultConfigurationName = Release;
		};
		1C4E0993209B7411007993F7 /* Build configuration list for PBXNativeTarget "ComputeDotsTests" */ = {
			isa = XCConfigurationList;
			buildConfigurations = (
				1C4E0994209B7411007993F7 /* Debug */,
				1C4E0995209B7411007993F7 /* Release */,
			);
			defaultConfigurationIsVisible = 0;
			defaultConfigurationName = Release;
		};
		1C4E0996209B7411007993F7 /* Build configuration list for PBXNativeTarget "ComputeDotsUITests" */ = {
			isa = XCConfigurationList;
			buildConfigurations = (
				1C4E0997209B7411007993F7 /* Debug */,
				1C4E0998209B7411007993F7 /* Release */,
			);
			defaultConfigurationIsVisible = 0;
			defaultConfigurationName = Release;
		};
/* End XCConfigurationList section */
	};
	rootObject = 1C4E0962209B7410007993F7 /* Project object */;
}
